{
  "version": 4,
  "terraform_version": "1.6.4",
  "serial": 394,
  "lineage": "c41f6d13-6b1a-543b-193c-77db7db8d5c5",
  "outputs": {},
  "resources": [
    {
      "mode": "data",
      "type": "google_client_config",
      "name": "default",
      "provider": "provider[\"registry.terraform.io/hashicorp/google\"]",
      "instances": [
        {
          "schema_version": 0,
          "attributes": {
            "access_token": "ya29.c.c0AY_VpZhsMkfXVzay8TjGqs4eLWhfygePtNeRD_ZAmPdbdpHYpXYtUJsx-31TxqK6SP09LBgvqnqrLp6Z-Fklk2Pn1tO5AHGMTNfDrGgZDnZ28QB-e4F2JgESpso1UUAbMBzg5gSkIryeq07A-szmZCPfod_v_levcSQL7uyqtE3SGOSORisjiJUQWRBr7AOMVBvJpv3CRDsh2RLC9hmN_I8KD-L5-Yie6zH72kwMusB6t4rvWwV0dkD0PRcPXl8EaogQC14z78SaASMVV3looaaI2iBZ2tg59rE7F7gJGkw2SY8hzPRYx3yu60FohUgv4srFhjG3a8uLP4XvwsPXSF9uqesr9YMngbHNf9wrLtMMO64tMu2qkJuKlQN387AwrUhobmJY0caRu-RBlcIkVpxai_ySlfg2teszv3Oaec_85daxpbp8O0yVlziBxx9pmU6hifz2yUYzZ_8nfq4gV9WtjUwYfsjbbrW5a30mQgsO0-xh8a3msel1a9UYjnBi1_7gnXbn9n6tbqnJI38yBMuuB-yp81nb1dYnOuvS990wmqxjcJ1cmROnrwZZfOdURm69u67b1lqO4JmBmpfdu4vuhxFYyYbiMSyrXFI0wu7XVsfQMOUoxtaxUucF2nhZvFb2Ue1m4wY6vSzbS9VOdfrje5nwuwnIxBIpJt4SyVvqiJFy9iMYj_JZ0QRcW809V2fUQiMexJmUJxozc4gvrl4qS0k5Fm26riqolgr5qW4Fzi6zQz_wR6htemns3apeXz1a9aYlVgayolYbqzzOhyh7Qeo3XZBJi4Q96kkuu03rlkVe00eMx4p0yYQ7ct0FlR6xn4holvwczRi_QI_d9bZ8O2VlFs0uuw_3ztu51yOba3fhqSiyF-iJnhVVz3jV_QbR1UnovSv6yItJ_3mQXaMaFbJ6Q2_9a5kIrmj_brYF7mwdOz1b3a9bwRI13V_RWI8Fro_xd0-1QXWQhcRYs20WQf5ipbMnnwOt8p42Sq5naYUSOgBw30z",
            "id": "projects/molten-unison-401314/regions/us-central1/zones/us-central1-c",
            "project": "molten-unison-401314",
            "region": "us-central1",
            "zone": "us-central1-c"
          },
          "sensitive_attributes": []
        }
      ]
    },
    {
      "mode": "managed",
      "type": "google_artifact_registry_repository",
      "name": "my-repo",
      "provider": "provider[\"registry.terraform.io/hashicorp/google\"]",
      "instances": [
        {
          "schema_version": 0,
          "attributes": {
            "create_time": "2023-12-09T23:07:51.485938Z",
            "description": "",
            "format": "DOCKER",
            "id": "projects/molten-unison-401314/locations/us-central1/repositories/terraform-images",
            "kms_key_name": "",
            "labels": {},
            "location": "us-central1",
            "maven_config": [],
            "name": "terraform-images",
            "project": "molten-unison-401314",
            "repository_id": "terraform-images",
            "timeouts": null,
            "update_time": "2023-12-09T23:07:51.485938Z"
          },
          "sensitive_attributes": [],
          "private": "eyJlMmJmYjczMC1lY2FhLTExZTYtOGY4OC0zNDM2M2JjN2M0YzAiOnsiY3JlYXRlIjoxMjAwMDAwMDAwMDAwLCJkZWxldGUiOjEyMDAwMDAwMDAwMDAsInVwZGF0ZSI6MTIwMDAwMDAwMDAwMH19"
        }
      ]
    },
    {
      "mode": "managed",
      "type": "google_compute_backend_bucket",
      "name": "backend_bucket",
      "provider": "provider[\"registry.terraform.io/hashicorp/google\"]",
      "instances": [
        {
          "schema_version": 0,
          "attributes": {
            "bucket_name": "terraform-frontend-bucket",
            "cdn_policy": [],
            "compression_mode": "",
            "creation_timestamp": "2023-12-09T15:08:02.103-08:00",
            "custom_response_headers": [],
            "description": "",
            "edge_security_policy": "",
            "enable_cdn": false,
            "id": "projects/molten-unison-401314/global/backendBuckets/my-backend-bucket",
            "name": "my-backend-bucket",
            "project": "molten-unison-401314",
            "self_link": "https://www.googleapis.com/compute/v1/projects/molten-unison-401314/global/backendBuckets/my-backend-bucket",
            "timeouts": null
          },
          "sensitive_attributes": [],
          "private": "eyJlMmJmYjczMC1lY2FhLTExZTYtOGY4OC0zNDM2M2JjN2M0YzAiOnsiY3JlYXRlIjoxMjAwMDAwMDAwMDAwLCJkZWxldGUiOjEyMDAwMDAwMDAwMDAsInVwZGF0ZSI6MTIwMDAwMDAwMDAwMH19",
          "dependencies": [
            "google_storage_bucket.static_website_bucket"
          ]
        }
      ]
    },
    {
      "mode": "managed",
      "type": "google_compute_firewall",
      "name": "allow_http",
      "provider": "provider[\"registry.terraform.io/hashicorp/google\"]",
      "instances": [
        {
          "schema_version": 1,
          "attributes": {
            "allow": [
              {
                "ports": [
                  "80"
                ],
                "protocol": "tcp"
              }
            ],
            "creation_timestamp": "2023-12-09T15:07:50.872-08:00",
            "deny": [],
            "description": "",
            "destination_ranges": [],
            "direction": "INGRESS",
            "disabled": false,
            "enable_logging": null,
            "id": "projects/molten-unison-401314/global/firewalls/terraform-allow-http",
            "log_config": [],
            "name": "terraform-allow-http",
            "network": "https://www.googleapis.com/compute/v1/projects/molten-unison-401314/global/networks/terraform-network",
            "priority": 1000,
            "project": "molten-unison-401314",
            "self_link": "https://www.googleapis.com/compute/v1/projects/molten-unison-401314/global/firewalls/terraform-allow-http",
            "source_ranges": [
              "0.0.0.0/0"
            ],
            "source_service_accounts": [],
            "source_tags": [],
            "target_service_accounts": [],
            "target_tags": [],
            "timeouts": null
          },
          "sensitive_attributes": [],
          "private": "eyJlMmJmYjczMC1lY2FhLTExZTYtOGY4OC0zNDM2M2JjN2M0YzAiOnsiY3JlYXRlIjoxMjAwMDAwMDAwMDAwLCJkZWxldGUiOjEyMDAwMDAwMDAwMDAsInVwZGF0ZSI6MTIwMDAwMDAwMDAwMH0sInNjaGVtYV92ZXJzaW9uIjoiMSJ9"
        }
      ]
    },
    {
      "mode": "managed",
      "type": "google_compute_firewall",
      "name": "allow_https",
      "provider": "provider[\"registry.terraform.io/hashicorp/google\"]",
      "instances": [
        {
          "schema_version": 1,
          "attributes": {
            "allow": [
              {
                "ports": [
                  "443"
                ],
                "protocol": "tcp"
              }
            ],
            "creation_timestamp": "2023-12-09T15:07:50.808-08:00",
            "deny": [],
            "description": "",
            "destination_ranges": [],
            "direction": "INGRESS",
            "disabled": false,
            "enable_logging": null,
            "id": "projects/molten-unison-401314/global/firewalls/terraform-allow-https",
            "log_config": [],
            "name": "terraform-allow-https",
            "network": "https://www.googleapis.com/compute/v1/projects/molten-unison-401314/global/networks/terraform-network",
            "priority": 1000,
            "project": "molten-unison-401314",
            "self_link": "https://www.googleapis.com/compute/v1/projects/molten-unison-401314/global/firewalls/terraform-allow-https",
            "source_ranges": [
              "0.0.0.0/0"
            ],
            "source_service_accounts": [],
            "source_tags": [],
            "target_service_accounts": [],
            "target_tags": [],
            "timeouts": null
          },
          "sensitive_attributes": [],
          "private": "eyJlMmJmYjczMC1lY2FhLTExZTYtOGY4OC0zNDM2M2JjN2M0YzAiOnsiY3JlYXRlIjoxMjAwMDAwMDAwMDAwLCJkZWxldGUiOjEyMDAwMDAwMDAwMDAsInVwZGF0ZSI6MTIwMDAwMDAwMDAwMH0sInNjaGVtYV92ZXJzaW9uIjoiMSJ9"
        }
      ]
    },
    {
      "mode": "managed",
      "type": "google_compute_firewall",
      "name": "allow_icmp",
      "provider": "provider[\"registry.terraform.io/hashicorp/google\"]",
      "instances": [
        {
          "schema_version": 1,
          "attributes": {
            "allow": [
              {
                "ports": [],
                "protocol": "icmp"
              }
            ],
            "creation_timestamp": "2023-12-09T15:07:50.806-08:00",
            "deny": [],
            "description": "",
            "destination_ranges": [],
            "direction": "INGRESS",
            "disabled": false,
            "enable_logging": null,
            "id": "projects/molten-unison-401314/global/firewalls/terraform-allow-icmp",
            "log_config": [],
            "name": "terraform-allow-icmp",
            "network": "https://www.googleapis.com/compute/v1/projects/molten-unison-401314/global/networks/terraform-network",
            "priority": 1000,
            "project": "molten-unison-401314",
            "self_link": "https://www.googleapis.com/compute/v1/projects/molten-unison-401314/global/firewalls/terraform-allow-icmp",
            "source_ranges": [
              "0.0.0.0/0"
            ],
            "source_service_accounts": [],
            "source_tags": [],
            "target_service_accounts": [],
            "target_tags": [],
            "timeouts": null
          },
          "sensitive_attributes": [],
          "private": "eyJlMmJmYjczMC1lY2FhLTExZTYtOGY4OC0zNDM2M2JjN2M0YzAiOnsiY3JlYXRlIjoxMjAwMDAwMDAwMDAwLCJkZWxldGUiOjEyMDAwMDAwMDAwMDAsInVwZGF0ZSI6MTIwMDAwMDAwMDAwMH0sInNjaGVtYV92ZXJzaW9uIjoiMSJ9"
        }
      ]
    },
    {
      "mode": "managed",
      "type": "google_compute_firewall",
      "name": "allow_mysql",
      "provider": "provider[\"registry.terraform.io/hashicorp/google\"]",
      "instances": [
        {
          "schema_version": 1,
          "attributes": {
            "allow": [
              {
                "ports": [
                  "3306"
                ],
                "protocol": "tcp"
              }
            ],
            "creation_timestamp": "2023-12-09T15:07:50.815-08:00",
            "deny": [],
            "description": "",
            "destination_ranges": [],
            "direction": "INGRESS",
            "disabled": false,
            "enable_logging": null,
            "id": "projects/molten-unison-401314/global/firewalls/terraform-allow-mysql",
            "log_config": [],
            "name": "terraform-allow-mysql",
            "network": "https://www.googleapis.com/compute/v1/projects/molten-unison-401314/global/networks/terraform-network",
            "priority": 1000,
            "project": "molten-unison-401314",
            "self_link": "https://www.googleapis.com/compute/v1/projects/molten-unison-401314/global/firewalls/terraform-allow-mysql",
            "source_ranges": [
              "0.0.0.0/0"
            ],
            "source_service_accounts": [],
            "source_tags": [],
            "target_service_accounts": [],
            "target_tags": [],
            "timeouts": null
          },
          "sensitive_attributes": [],
          "private": "eyJlMmJmYjczMC1lY2FhLTExZTYtOGY4OC0zNDM2M2JjN2M0YzAiOnsiY3JlYXRlIjoxMjAwMDAwMDAwMDAwLCJkZWxldGUiOjEyMDAwMDAwMDAwMDAsInVwZGF0ZSI6MTIwMDAwMDAwMDAwMH0sInNjaGVtYV92ZXJzaW9uIjoiMSJ9"
        }
      ]
    },
    {
      "mode": "managed",
      "type": "google_compute_firewall",
      "name": "allow_ssh",
      "provider": "provider[\"registry.terraform.io/hashicorp/google\"]",
      "instances": [
        {
          "schema_version": 1,
          "attributes": {
            "allow": [
              {
                "ports": [
                  "22"
                ],
                "protocol": "tcp"
              }
            ],
            "creation_timestamp": "2023-12-09T15:07:50.855-08:00",
            "deny": [],
            "description": "",
            "destination_ranges": [],
            "direction": "INGRESS",
            "disabled": false,
            "enable_logging": null,
            "id": "projects/molten-unison-401314/global/firewalls/terraform-allow-ssh",
            "log_config": [],
            "name": "terraform-allow-ssh",
            "network": "https://www.googleapis.com/compute/v1/projects/molten-unison-401314/global/networks/terraform-network",
            "priority": 1000,
            "project": "molten-unison-401314",
            "self_link": "https://www.googleapis.com/compute/v1/projects/molten-unison-401314/global/firewalls/terraform-allow-ssh",
            "source_ranges": [
              "0.0.0.0/0"
            ],
            "source_service_accounts": [],
            "source_tags": [],
            "target_service_accounts": [],
            "target_tags": [],
            "timeouts": null
          },
          "sensitive_attributes": [],
          "private": "eyJlMmJmYjczMC1lY2FhLTExZTYtOGY4OC0zNDM2M2JjN2M0YzAiOnsiY3JlYXRlIjoxMjAwMDAwMDAwMDAwLCJkZWxldGUiOjEyMDAwMDAwMDAwMDAsInVwZGF0ZSI6MTIwMDAwMDAwMDAwMH0sInNjaGVtYV92ZXJzaW9uIjoiMSJ9"
        }
      ]
    },
    {
      "mode": "managed",
      "type": "google_compute_global_address",
      "name": "private_ip_address",
      "provider": "provider[\"registry.terraform.io/hashicorp/google\"]",
      "instances": [
        {
          "schema_version": 0,
          "attributes": {
            "address": "10.191.0.0",
            "address_type": "INTERNAL",
            "creation_timestamp": "2023-12-09T15:07:51.718-08:00",
            "description": "",
            "id": "projects/molten-unison-401314/global/addresses/private-ip-address",
            "ip_version": "",
            "name": "private-ip-address",
            "network": "https://www.googleapis.com/compute/v1/projects/molten-unison-401314/global/networks/terraform-network",
            "prefix_length": 16,
            "project": "molten-unison-401314",
            "purpose": "VPC_PEERING",
            "self_link": "https://www.googleapis.com/compute/v1/projects/molten-unison-401314/global/addresses/private-ip-address",
            "timeouts": null
          },
          "sensitive_attributes": [],
          "private": "eyJlMmJmYjczMC1lY2FhLTExZTYtOGY4OC0zNDM2M2JjN2M0YzAiOnsiY3JlYXRlIjoxMjAwMDAwMDAwMDAwLCJkZWxldGUiOjEyMDAwMDAwMDAwMDB9fQ==",
          "dependencies": [
            "google_compute_network.vpc_network"
          ]
        }
      ]
    },
    {
      "mode": "managed",
      "type": "google_compute_global_address",
      "name": "vue_ip_lb",
      "provider": "provider[\"registry.terraform.io/hashicorp/google\"]",
      "instances": [
        {
          "schema_version": 0,
          "attributes": {
            "address": "35.190.56.141",
            "address_type": "EXTERNAL",
            "creation_timestamp": "2023-12-09T15:07:51.526-08:00",
            "description": "",
            "id": "projects/molten-unison-401314/global/addresses/vue-ip-lb",
            "ip_version": "",
            "name": "vue-ip-lb",
            "network": "",
            "prefix_length": 0,
            "project": "molten-unison-401314",
            "purpose": "",
            "self_link": "https://www.googleapis.com/compute/v1/projects/molten-unison-401314/global/addresses/vue-ip-lb",
            "timeouts": null
          },
          "sensitive_attributes": [],
          "private": "eyJlMmJmYjczMC1lY2FhLTExZTYtOGY4OC0zNDM2M2JjN2M0YzAiOnsiY3JlYXRlIjoxMjAwMDAwMDAwMDAwLCJkZWxldGUiOjEyMDAwMDAwMDAwMDB9fQ=="
        }
      ]
    },
    {
      "mode": "managed",
      "type": "google_compute_global_forwarding_rule",
      "name": "vue_rule",
      "provider": "provider[\"registry.terraform.io/hashicorp/google\"]",
      "instances": [
        {
          "schema_version": 0,
          "attributes": {
            "description": "",
            "id": "projects/molten-unison-401314/global/forwardingRules/vue-forwarding-rule",
            "ip_address": "projects/molten-unison-401314/global/addresses/vue-ip-lb",
            "ip_protocol": "TCP",
            "ip_version": "",
            "label_fingerprint": "42WmSpB8rSM=",
            "labels": {},
            "load_balancing_scheme": "EXTERNAL",
            "metadata_filters": [],
            "name": "vue-forwarding-rule",
            "network": "",
            "port_range": "443",
            "project": "molten-unison-401314",
            "psc_connection_id": "",
            "psc_connection_status": "",
            "self_link": "https://www.googleapis.com/compute/v1/projects/molten-unison-401314/global/forwardingRules/vue-forwarding-rule",
            "target": "projects/molten-unison-401314/global/targetHttpsProxies/vue-https-proxy",
            "timeouts": null
          },
          "sensitive_attributes": [],
          "private": "eyJlMmJmYjczMC1lY2FhLTExZTYtOGY4OC0zNDM2M2JjN2M0YzAiOnsiY3JlYXRlIjoxMjAwMDAwMDAwMDAwLCJkZWxldGUiOjEyMDAwMDAwMDAwMDAsInVwZGF0ZSI6MTIwMDAwMDAwMDAwMH19",
          "dependencies": [
            "google_compute_backend_bucket.backend_bucket",
            "google_compute_global_address.vue_ip_lb",
            "google_compute_managed_ssl_certificate.lb_vue_ssl",
            "google_compute_target_https_proxy.vue_lb_default",
            "google_compute_url_map.vue_url_map",
            "google_dns_record_set.frontend",
            "google_storage_bucket.static_website_bucket"
          ]
        }
      ]
    },
    {
      "mode": "managed",
      "type": "google_compute_managed_ssl_certificate",
      "name": "lb_vue_ssl",
      "provider": "provider[\"registry.terraform.io/hashicorp/google\"]",
      "instances": [
        {
          "schema_version": 0,
          "attributes": {
            "certificate_id": 9125209759297392058,
            "creation_timestamp": "2023-12-09T15:08:06.212-08:00",
            "description": "",
            "expire_time": "2024-03-08T15:17:34.000-08:00",
            "id": "projects/molten-unison-401314/global/sslCertificates/vue-ssl-cert",
            "managed": [
              {
                "domains": [
                  "frontend.tariq-trainee.store"
                ]
              }
            ],
            "name": "vue-ssl-cert",
            "project": "molten-unison-401314",
            "self_link": "https://www.googleapis.com/compute/v1/projects/molten-unison-401314/global/sslCertificates/vue-ssl-cert",
            "subject_alternative_names": [
              "frontend.tariq-trainee.store"
            ],
            "timeouts": null,
            "type": "MANAGED"
          },
          "sensitive_attributes": [],
          "private": "eyJlMmJmYjczMC1lY2FhLTExZTYtOGY4OC0zNDM2M2JjN2M0YzAiOnsiY3JlYXRlIjoxODAwMDAwMDAwMDAwLCJkZWxldGUiOjE4MDAwMDAwMDAwMDB9fQ==",
          "dependencies": [
            "google_compute_global_address.vue_ip_lb",
            "google_dns_record_set.frontend"
          ]
        }
      ]
    },
    {
      "mode": "managed",
      "type": "google_compute_network",
      "name": "vpc_network",
      "provider": "provider[\"registry.terraform.io/hashicorp/google\"]",
      "instances": [
        {
          "schema_version": 0,
          "attributes": {
            "auto_create_subnetworks": false,
            "delete_default_routes_on_create": false,
            "description": "",
            "enable_ula_internal_ipv6": false,
            "gateway_ipv4": "",
            "id": "projects/molten-unison-401314/global/networks/terraform-network",
            "internal_ipv6_range": "",
            "mtu": 0,
            "name": "terraform-network",
            "project": "molten-unison-401314",
            "routing_mode": "REGIONAL",
            "self_link": "https://www.googleapis.com/compute/v1/projects/molten-unison-401314/global/networks/terraform-network",
            "timeouts": null
          },
          "sensitive_attributes": [],
          "private": "eyJlMmJmYjczMC1lY2FhLTExZTYtOGY4OC0zNDM2M2JjN2M0YzAiOnsiY3JlYXRlIjoxMjAwMDAwMDAwMDAwLCJkZWxldGUiOjEyMDAwMDAwMDAwMDAsInVwZGF0ZSI6MTIwMDAwMDAwMDAwMH19"
        }
      ]
    },
    {
      "mode": "managed",
      "type": "google_compute_router",
      "name": "router",
      "provider": "provider[\"registry.terraform.io/hashicorp/google\"]",
      "instances": [
        {
          "schema_version": 0,
          "attributes": {
            "bgp": [
              {
                "advertise_mode": "DEFAULT",
                "advertised_groups": [],
                "advertised_ip_ranges": [],
                "asn": 64514,
                "keepalive_interval": 20
              }
            ],
            "creation_timestamp": "2023-12-09T15:07:51.056-08:00",
            "description": "",
            "encrypted_interconnect_router": false,
            "id": "projects/molten-unison-401314/regions/us-central1/routers/terraform-router",
            "name": "terraform-router",
            "network": "https://www.googleapis.com/compute/v1/projects/molten-unison-401314/global/networks/terraform-network",
            "project": "molten-unison-401314",
            "region": "us-central1",
            "self_link": "https://www.googleapis.com/compute/v1/projects/molten-unison-401314/regions/us-central1/routers/terraform-router",
            "timeouts": null
          },
          "sensitive_attributes": [],
          "private": "eyJlMmJmYjczMC1lY2FhLTExZTYtOGY4OC0zNDM2M2JjN2M0YzAiOnsiY3JlYXRlIjoxMjAwMDAwMDAwMDAwLCJkZWxldGUiOjEyMDAwMDAwMDAwMDAsInVwZGF0ZSI6MTIwMDAwMDAwMDAwMH19"
        }
      ]
    },
    {
      "mode": "managed",
      "type": "google_compute_router_nat",
      "name": "nat",
      "provider": "provider[\"registry.terraform.io/hashicorp/google\"]",
      "instances": [
        {
          "schema_version": 0,
          "attributes": {
            "drain_nat_ips": [],
            "enable_dynamic_port_allocation": false,
            "enable_endpoint_independent_mapping": true,
            "icmp_idle_timeout_sec": 30,
            "id": "molten-unison-401314/us-central1/terraform-router/terraform-router-nat",
            "log_config": [
              {
                "enable": true,
                "filter": "ERRORS_ONLY"
              }
            ],
            "max_ports_per_vm": 0,
            "min_ports_per_vm": 0,
            "name": "terraform-router-nat",
            "nat_ip_allocate_option": "AUTO_ONLY",
            "nat_ips": [],
            "project": "molten-unison-401314",
            "region": "us-central1",
            "router": "terraform-router",
            "rules": [],
            "source_subnetwork_ip_ranges_to_nat": "ALL_SUBNETWORKS_ALL_IP_RANGES",
            "subnetwork": [],
            "tcp_established_idle_timeout_sec": 1200,
            "tcp_time_wait_timeout_sec": 120,
            "tcp_transitory_idle_timeout_sec": 30,
            "timeouts": null,
            "udp_idle_timeout_sec": 30
          },
          "sensitive_attributes": [],
          "private": "eyJlMmJmYjczMC1lY2FhLTExZTYtOGY4OC0zNDM2M2JjN2M0YzAiOnsiY3JlYXRlIjoxMjAwMDAwMDAwMDAwLCJkZWxldGUiOjEyMDAwMDAwMDAwMDAsInVwZGF0ZSI6MTIwMDAwMDAwMDAwMH19"
        }
      ]
    },
    {
      "mode": "managed",
      "type": "google_compute_subnetwork",
      "name": "my_subnetwork",
      "provider": "provider[\"registry.terraform.io/hashicorp/google\"]",
      "instances": [
        {
          "schema_version": 0,
          "attributes": {
            "creation_timestamp": "2023-12-09T13:58:50.036-08:00",
            "description": "",
            "external_ipv6_prefix": "",
            "fingerprint": null,
            "gateway_address": "10.0.0.1",
            "id": "projects/molten-unison-401314/regions/us-central1/subnetworks/terraform-subnetwork",
            "ip_cidr_range": "10.0.0.0/26",
            "ipv6_access_type": "",
            "ipv6_cidr_range": "",
            "log_config": [],
            "name": "terraform-subnetwork",
            "network": "https://www.googleapis.com/compute/v1/projects/molten-unison-401314/global/networks/terraform-network",
            "private_ip_google_access": true,
            "private_ipv6_google_access": "DISABLE_GOOGLE_ACCESS",
            "project": "molten-unison-401314",
            "purpose": "PRIVATE",
            "region": "us-central1",
            "role": "",
            "secondary_ip_range": [
              {
                "ip_cidr_range": "10.3.0.0/20",
                "range_name": "gke-terraform-backend-cluster-services-6c1d1eb9"
              },
              {
                "ip_cidr_range": "10.2.0.0/16",
                "range_name": "gke-terraform-backend-cluster-pods-6c1d1eb9"
              }
            ],
            "self_link": "https://www.googleapis.com/compute/v1/projects/molten-unison-401314/regions/us-central1/subnetworks/terraform-subnetwork",
            "stack_type": "IPV4_ONLY",
            "timeouts": null
          },
          "sensitive_attributes": [],
          "private": "eyJlMmJmYjczMC1lY2FhLTExZTYtOGY4OC0zNDM2M2JjN2M0YzAiOnsiY3JlYXRlIjoxMjAwMDAwMDAwMDAwLCJkZWxldGUiOjEyMDAwMDAwMDAwMDAsInVwZGF0ZSI6MTIwMDAwMDAwMDAwMH19"
        }
      ]
    },
    {
      "mode": "managed",
      "type": "google_compute_target_https_proxy",
      "name": "vue_lb_default",
      "provider": "provider[\"registry.terraform.io/hashicorp/google\"]",
      "instances": [
        {
          "schema_version": 0,
          "attributes": {
            "certificate_map": "",
            "creation_timestamp": "2023-12-09T15:08:24.864-08:00",
            "description": "",
            "id": "projects/molten-unison-401314/global/targetHttpsProxies/vue-https-proxy",
            "name": "vue-https-proxy",
            "project": "molten-unison-401314",
            "proxy_bind": false,
            "proxy_id": 304931527137512839,
            "quic_override": "NONE",
            "self_link": "https://www.googleapis.com/compute/v1/projects/molten-unison-401314/global/targetHttpsProxies/vue-https-proxy",
            "ssl_certificates": [
              "https://www.googleapis.com/compute/v1/projects/molten-unison-401314/global/sslCertificates/vue-ssl-cert"
            ],
            "ssl_policy": "",
            "timeouts": null,
            "url_map": "https://www.googleapis.com/compute/v1/projects/molten-unison-401314/global/urlMaps/vue-url-map"
          },
          "sensitive_attributes": [],
          "private": "eyJlMmJmYjczMC1lY2FhLTExZTYtOGY4OC0zNDM2M2JjN2M0YzAiOnsiY3JlYXRlIjoxMjAwMDAwMDAwMDAwLCJkZWxldGUiOjEyMDAwMDAwMDAwMDAsInVwZGF0ZSI6MTIwMDAwMDAwMDAwMH19",
          "dependencies": [
            "google_compute_backend_bucket.backend_bucket",
            "google_compute_global_address.vue_ip_lb",
            "google_compute_managed_ssl_certificate.lb_vue_ssl",
            "google_compute_url_map.vue_url_map",
            "google_dns_record_set.frontend",
            "google_storage_bucket.static_website_bucket"
          ]
        }
      ]
    },
    {
      "mode": "managed",
      "type": "google_compute_url_map",
      "name": "vue_url_map",
      "provider": "provider[\"registry.terraform.io/hashicorp/google\"]",
      "instances": [
        {
          "schema_version": 0,
          "attributes": {
            "creation_timestamp": "2023-12-09T15:08:13.500-08:00",
            "default_route_action": [],
            "default_service": "https://www.googleapis.com/compute/v1/projects/molten-unison-401314/global/backendBuckets/my-backend-bucket",
            "default_url_redirect": [],
            "description": "",
            "fingerprint": "AbCAn8e1FKc=",
            "header_action": [],
            "host_rule": [],
            "id": "projects/molten-unison-401314/global/urlMaps/vue-url-map",
            "map_id": 8282941577057881522,
            "name": "vue-url-map",
            "path_matcher": [],
            "project": "molten-unison-401314",
            "self_link": "https://www.googleapis.com/compute/v1/projects/molten-unison-401314/global/urlMaps/vue-url-map",
            "test": [],
            "timeouts": null
          },
          "sensitive_attributes": [],
          "private": "eyJlMmJmYjczMC1lY2FhLTExZTYtOGY4OC0zNDM2M2JjN2M0YzAiOnsiY3JlYXRlIjoxMjAwMDAwMDAwMDAwLCJkZWxldGUiOjEyMDAwMDAwMDAwMDAsInVwZGF0ZSI6MTIwMDAwMDAwMDAwMH19",
          "dependencies": [
            "google_compute_backend_bucket.backend_bucket",
            "google_storage_bucket.static_website_bucket"
          ]
        }
      ]
    },
    {
      "mode": "managed",
      "type": "google_container_cluster",
      "name": "primary",
      "provider": "provider[\"registry.terraform.io/hashicorp/google\"]",
      "instances": [
        {
          "schema_version": 1,
          "attributes": {
            "addons_config": [
              {
                "cloudrun_config": [],
                "config_connector_config": [],
                "dns_cache_config": [],
                "gce_persistent_disk_csi_driver_config": [
                  {
                    "enabled": true
                  }
                ],
                "gcp_filestore_csi_driver_config": [],
                "gke_backup_agent_config": [],
                "horizontal_pod_autoscaling": [],
                "http_load_balancing": [],
                "network_policy_config": [
                  {
                    "disabled": true
                  }
                ]
              }
            ],
            "authenticator_groups_config": [],
            "binary_authorization": [
              {
                "enabled": false,
                "evaluation_mode": ""
              }
            ],
            "cluster_autoscaling": [
              {
                "auto_provisioning_defaults": [],
                "enabled": false,
                "resource_limits": []
              }
            ],
            "cluster_ipv4_cidr": "10.2.0.0/16",
            "confidential_nodes": [],
            "cost_management_config": [],
            "database_encryption": [
              {
                "key_name": "",
                "state": "DECRYPTED"
              }
            ],
            "datapath_provider": "",
            "default_max_pods_per_node": 110,
            "default_snat_status": [
              {
                "disabled": false
              }
            ],
            "description": "",
            "dns_config": [],
            "enable_autopilot": false,
            "enable_binary_authorization": false,
            "enable_intranode_visibility": false,
            "enable_kubernetes_alpha": false,
            "enable_l4_ilb_subsetting": false,
            "enable_legacy_abac": false,
            "enable_shielded_nodes": true,
            "enable_tpu": false,
            "endpoint": "34.68.172.15",
            "gateway_api_config": [],
            "id": "projects/molten-unison-401314/locations/us-central1-c/clusters/terraform-backend-cluster",
            "initial_node_count": 1,
            "ip_allocation_policy": [
              {
                "cluster_ipv4_cidr_block": "10.2.0.0/16",
                "cluster_secondary_range_name": "gke-terraform-backend-cluster-pods-6c1d1eb9",
                "services_ipv4_cidr_block": "10.3.0.0/20",
                "services_secondary_range_name": "gke-terraform-backend-cluster-services-6c1d1eb9"
              }
            ],
            "label_fingerprint": "a9dc16a7",
            "location": "us-central1-c",
            "logging_config": [
              {
                "enable_components": [
                  "SYSTEM_COMPONENTS",
                  "WORKLOADS"
                ]
              }
            ],
            "logging_service": "logging.googleapis.com/kubernetes",
            "maintenance_policy": [],
            "master_auth": [
              {
                "client_certificate": "",
                "client_certificate_config": [
                  {
                    "issue_client_certificate": false
                  }
                ],
                "client_key": "",
                "cluster_ca_certificate": "LS0tLS1CRUdJTiBDRVJUSUZJQ0FURS0tLS0tCk1JSUVMVENDQXBXZ0F3SUJBZ0lSQU1tWGxyM1pVVXIzK2JtdTVkeEk3R1F3RFFZSktvWklodmNOQVFFTEJRQXcKTHpFdE1Dc0dBMVVFQXhNa1ltWTVNRGxrTldZdFl6STJaQzAwWmpnNUxXRTBaakF0TWpGa1l6YzNNVGt5TXpnNQpNQ0FYRFRJek1USXdPVEl5TURnd01sb1lEekl3TlRNeE1qQXhNak13T0RBeVdqQXZNUzB3S3dZRFZRUURFeVJpClpqa3dPV1ExWmkxak1qWmtMVFJtT0RrdFlUUm1NQzB5TVdSak56Y3hPVEl6T0Rrd2dnR2lNQTBHQ1NxR1NJYjMKRFFFQkFRVUFBNElCandBd2dnR0tBb0lCZ1FER1FJWkVydGhIejVEWVl6Z1NwR3JZbldGcmJJb0tDU04va1JaTgpoMHR1NlV2eDZPT3dHQzhHNk5Ma01jRFZLcUNXb2JEc3piYkduZHV1U0tQNlkrY1V6RUF3MzhUUEZWa0FYRmxmCjdYVFFLajhpT0wzNHZPaHRCdzQxenh2ZDkvYVdVaEgrVEdIYmthemJIQjJGelB4aTlSOHhhYkVsR3cyQ2xjVXcKSHRLNWMwL3I1RDFBSFk4MmxJWUxqbkVSQkhPaTJ6bUtFRDRMNjNOdDlCcUkyVWRJWXJmM3BQeWxuMTVEUk5ZTApKK3FVMGMzdkQ4ZE5MbVdyaXlUT3BsM2gwSWMwdjlRMU4xREgwcUs0N2JRWXNjSUFjRUQrR1hManA1YUFPSDZmCjBVMXBKZU83OE9LclBaUnBqaGVuTjBqWmdRUm9rci9rcFZjR056K0Vvb2Z0NUFYTkJ1ZUhyWG02VmdKL1hEdU0KVTYyMHRMTlZQS1RGZXg3RzN4cWlSZS94ZjNzeGlrLzR1Ymg4ZEFkNUx4WU9paTNQZzJCSkNHODRDV0JZS21BQQpUbDBGd2o2NTdpb012NXphQUl1WUt6REExeTJkOVBCQlc4MWNIS01VNUpWNXdydWJUUUw4TFhiTFptUmRZYzVjCmlCTmw4NTh5eGN2U1Z4RWF0TVVNbE4vbjdFY0NBd0VBQWFOQ01FQXdEZ1lEVlIwUEFRSC9CQVFEQWdJRU1BOEcKQTFVZEV3RUIvd1FGTUFNQkFmOHdIUVlEVlIwT0JCWUVGREM0a1dEVVBsOFFlVGFlbVNZZVkwNWhvczZ2TUEwRwpDU3FHU0liM0RRRUJDd1VBQTRJQmdRQWZqRWVDVWRGN0lZbndTQ1FFS20waWxueitOTGlDZ2RyN1lsRkozZ0U3CmNjRnRYKzFjSm9hbjQyNVhWcDFxRnlTc1JQMlhJMGFsNk5DclBDOVlDN3RvTmFpRU0vVEhTTG1nNUJ3dDJzaHQKWkpHWWF2SVB0b3JlQlZzUWQxTkttalEraDc3ZDRRK3lhUnpqSnpJSmhUK0dJd2lFMWZqMU5vVWppQ1pNNXY2bQpVWVcwSW9FeXRFSFFQR1NKZ2hQdDQzaXAxVFYyNnNLQVVxbnJSSVlGbnJDUndEQzVmLzlPWTF2WlhnTGRSMVU5CldQNWdKVUY1c0Yrd0R0aFNsN1p0QmlZMzkrQ1k3d0FJekNraGFzNlY4SS83TUpWK1Uya2JJMnBXdTQ4OEFzeDMKRzNNYW5EakpzNTlYREtPZVdYbU15Y0ZoV0MrNDVoSGt0WlVoeUloTEprTVdXMm9aSkh5VkkrMVMvemhnc3BvNApoVW42SjkvWUZSdElBSVhjdFc3Y3hRanZ2VmFXb1dYUW9nV3pRQUZvdG5RZDZEQWJpSmpRNWlvSWxRZFlnSS9jCmhwOVUvM1VTdTdweEx5bm1BalFWVkFhWmtwaVNWSWRaMzVwY1Jtdk1aY3RZNW9yMlc4bTcwQ0pCMXdIa0hZL0sKU1lwQzFEMGRSbzNWYVJhOW51a0Y4aFk9Ci0tLS0tRU5EIENFUlRJRklDQVRFLS0tLS0K"
              }
            ],
            "master_authorized_networks_config": [],
            "master_version": "1.27.3-gke.100",
            "mesh_certificates": [],
            "min_master_version": null,
            "monitoring_config": [
              {
                "enable_components": [
                  "SYSTEM_COMPONENTS"
                ],
                "managed_prometheus": [
                  {
                    "enabled": true
                  }
                ]
              }
            ],
            "monitoring_service": "monitoring.googleapis.com/kubernetes",
            "name": "terraform-backend-cluster",
            "network": "projects/molten-unison-401314/global/networks/terraform-network",
            "network_policy": [
              {
                "enabled": false,
                "provider": "PROVIDER_UNSPECIFIED"
              }
            ],
            "networking_mode": "VPC_NATIVE",
            "node_config": [
              {
                "boot_disk_kms_key": "",
                "disk_size_gb": 100,
                "disk_type": "pd-balanced",
                "gcfs_config": [],
                "guest_accelerator": [],
                "gvnic": [],
                "image_type": "COS_CONTAINERD",
                "kubelet_config": [],
                "labels": {},
                "linux_node_config": [],
                "local_ssd_count": 0,
                "logging_variant": "DEFAULT",
                "machine_type": "e2-highcpu-4",
                "metadata": {
                  "disable-legacy-endpoints": "true"
                },
                "min_cpu_platform": "",
                "node_group": "",
                "oauth_scopes": [
                  "https://www.googleapis.com/auth/cloud-platform"
                ],
                "preemptible": true,
                "reservation_affinity": [],
                "resource_labels": {},
                "service_account": "535797381932-compute@developer.gserviceaccount.com",
                "shielded_instance_config": [
                  {
                    "enable_integrity_monitoring": true,
                    "enable_secure_boot": false
                  }
                ],
                "spot": false,
                "tags": [],
                "taint": [],
                "workload_metadata_config": []
              }
            ],
            "node_locations": [],
            "node_pool": [
              {
                "autoscaling": [],
                "initial_node_count": 1,
                "instance_group_urls": [
                  "https://www.googleapis.com/compute/v1/projects/molten-unison-401314/zones/us-central1-c/instanceGroupManagers/gke-terraform-backen-terraform-node-p-89f50576-grp"
                ],
                "managed_instance_group_urls": [
                  "https://www.googleapis.com/compute/v1/projects/molten-unison-401314/zones/us-central1-c/instanceGroups/gke-terraform-backen-terraform-node-p-89f50576-grp"
                ],
                "management": [
                  {
                    "auto_repair": true,
                    "auto_upgrade": true
                  }
                ],
                "max_pods_per_node": 110,
                "name": "terraform-node-pool",
                "name_prefix": "",
                "network_config": [
                  {
                    "create_pod_range": false,
                    "enable_private_nodes": false,
                    "pod_ipv4_cidr_block": "10.2.0.0/16",
                    "pod_range": "gke-terraform-backend-cluster-pods-6c1d1eb9"
                  }
                ],
                "node_config": [
                  {
                    "boot_disk_kms_key": "",
                    "disk_size_gb": 100,
                    "disk_type": "pd-balanced",
                    "gcfs_config": [],
                    "guest_accelerator": [],
                    "gvnic": [],
                    "image_type": "COS_CONTAINERD",
                    "kubelet_config": [],
                    "labels": {},
                    "linux_node_config": [],
                    "local_ssd_count": 0,
                    "logging_variant": "DEFAULT",
                    "machine_type": "e2-highcpu-4",
                    "metadata": {
                      "disable-legacy-endpoints": "true"
                    },
                    "min_cpu_platform": "",
                    "node_group": "",
                    "oauth_scopes": [
                      "https://www.googleapis.com/auth/cloud-platform"
                    ],
                    "preemptible": true,
                    "reservation_affinity": [],
                    "resource_labels": {},
                    "service_account": "535797381932-compute@developer.gserviceaccount.com",
                    "shielded_instance_config": [
                      {
                        "enable_integrity_monitoring": true,
                        "enable_secure_boot": false
                      }
                    ],
                    "spot": false,
                    "tags": [],
                    "taint": [],
                    "workload_metadata_config": []
                  }
                ],
                "node_count": 1,
                "node_locations": [
                  "us-central1-c"
                ],
                "placement_policy": [],
                "upgrade_settings": [
                  {
                    "blue_green_settings": [],
                    "max_surge": 1,
                    "max_unavailable": 0,
                    "strategy": "SURGE"
                  }
                ],
                "version": "1.27.3-gke.100"
              }
            ],
            "node_pool_defaults": [
              {
                "node_config_defaults": [
                  {
                    "logging_variant": "DEFAULT"
                  }
                ]
              }
            ],
            "node_version": "1.27.3-gke.100",
            "notification_config": [
              {
                "pubsub": [
                  {
                    "enabled": false,
                    "filter": [],
                    "topic": ""
                  }
                ]
              }
            ],
            "operation": null,
            "private_cluster_config": [
              {
                "enable_private_endpoint": false,
                "enable_private_nodes": false,
                "master_global_access_config": [
                  {
                    "enabled": false
                  }
                ],
                "master_ipv4_cidr_block": "",
                "peering_name": "",
                "private_endpoint": "10.0.0.6",
                "private_endpoint_subnetwork": "",
                "public_endpoint": "34.68.172.15"
              }
            ],
            "private_ipv6_google_access": "",
            "project": "molten-unison-401314",
            "release_channel": [
              {
                "channel": "REGULAR"
              }
            ],
            "remove_default_node_pool": true,
            "resource_labels": {},
            "resource_usage_export_config": [],
            "self_link": "https://container.googleapis.com/v1/projects/molten-unison-401314/zones/us-central1-c/clusters/terraform-backend-cluster",
            "service_external_ips_config": [
              {
                "enabled": false
              }
            ],
            "services_ipv4_cidr": "10.3.0.0/20",
            "subnetwork": "projects/molten-unison-401314/regions/us-central1/subnetworks/terraform-subnetwork",
            "timeouts": null,
            "tpu_ipv4_cidr_block": "",
            "vertical_pod_autoscaling": [],
            "workload_identity_config": []
          },
          "sensitive_attributes": [],
          "private": "eyJlMmJmYjczMC1lY2FhLTExZTYtOGY4OC0zNDM2M2JjN2M0YzAiOnsiY3JlYXRlIjoyNDAwMDAwMDAwMDAwLCJkZWxldGUiOjI0MDAwMDAwMDAwMDAsInJlYWQiOjI0MDAwMDAwMDAwMDAsInVwZGF0ZSI6MzYwMDAwMDAwMDAwMH0sInNjaGVtYV92ZXJzaW9uIjoiMSJ9",
          "dependencies": [
            "google_compute_network.vpc_network",
            "google_compute_subnetwork.my_subnetwork"
          ]
        }
      ]
    },
    {
      "mode": "managed",
      "type": "google_container_node_pool",
      "name": "primary_preemptible_nodes",
      "provider": "provider[\"registry.terraform.io/hashicorp/google\"]",
      "instances": [
        {
          "schema_version": 1,
          "attributes": {
            "autoscaling": [],
            "cluster": "terraform-backend-cluster",
            "id": "projects/molten-unison-401314/locations/us-central1-c/clusters/terraform-backend-cluster/nodePools/terraform-node-pool",
            "initial_node_count": 1,
            "instance_group_urls": [
              "https://www.googleapis.com/compute/v1/projects/molten-unison-401314/zones/us-central1-c/instanceGroupManagers/gke-terraform-backen-terraform-node-p-89f50576-grp"
            ],
            "location": "us-central1-c",
            "managed_instance_group_urls": [
              "https://www.googleapis.com/compute/v1/projects/molten-unison-401314/zones/us-central1-c/instanceGroups/gke-terraform-backen-terraform-node-p-89f50576-grp"
            ],
            "management": [
              {
                "auto_repair": true,
                "auto_upgrade": true
              }
            ],
            "max_pods_per_node": 110,
            "name": "terraform-node-pool",
            "name_prefix": "",
            "network_config": [
              {
                "create_pod_range": false,
                "enable_private_nodes": false,
                "pod_ipv4_cidr_block": "10.2.0.0/16",
                "pod_range": "gke-terraform-backend-cluster-pods-6c1d1eb9"
              }
            ],
            "node_config": [
              {
                "boot_disk_kms_key": "",
                "disk_size_gb": 100,
                "disk_type": "pd-balanced",
                "gcfs_config": [],
                "guest_accelerator": [],
                "gvnic": [],
                "image_type": "COS_CONTAINERD",
                "kubelet_config": [],
                "labels": {},
                "linux_node_config": [],
                "local_ssd_count": 0,
                "logging_variant": "DEFAULT",
                "machine_type": "e2-highcpu-4",
                "metadata": {
                  "disable-legacy-endpoints": "true"
                },
                "min_cpu_platform": "",
                "node_group": "",
                "oauth_scopes": [
                  "https://www.googleapis.com/auth/cloud-platform"
                ],
                "preemptible": true,
                "reservation_affinity": [],
                "resource_labels": {},
                "service_account": "535797381932-compute@developer.gserviceaccount.com",
                "shielded_instance_config": [
                  {
                    "enable_integrity_monitoring": true,
                    "enable_secure_boot": false
                  }
                ],
                "spot": false,
                "tags": [],
                "taint": [],
                "workload_metadata_config": []
              }
            ],
            "node_count": 1,
            "node_locations": [
              "us-central1-c"
            ],
            "operation": null,
            "placement_policy": [],
            "project": "molten-unison-401314",
            "timeouts": null,
            "upgrade_settings": [
              {
                "blue_green_settings": [],
                "max_surge": 1,
                "max_unavailable": 0,
                "strategy": "SURGE"
              }
            ],
            "version": "1.27.3-gke.100"
          },
          "sensitive_attributes": [],
          "private": "eyJlMmJmYjczMC1lY2FhLTExZTYtOGY4OC0zNDM2M2JjN2M0YzAiOnsiY3JlYXRlIjoxODAwMDAwMDAwMDAwLCJkZWxldGUiOjE4MDAwMDAwMDAwMDAsInVwZGF0ZSI6MTgwMDAwMDAwMDAwMH0sInNjaGVtYV92ZXJzaW9uIjoiMSJ9",
          "dependencies": [
            "google_compute_network.vpc_network",
            "google_compute_subnetwork.my_subnetwork",
            "google_container_cluster.primary"
          ]
        }
      ]
    },
    {
      "mode": "managed",
      "type": "google_dns_record_set",
      "name": "frontend",
      "provider": "provider[\"registry.terraform.io/hashicorp/google\"]",
      "instances": [
        {
          "schema_version": 0,
          "attributes": {
            "id": "projects/molten-unison-401314/managedZones/tariq-zona/rrsets/frontend.tariq-trainee.store./A",
            "managed_zone": "tariq-zona",
            "name": "frontend.tariq-trainee.store.",
            "project": "molten-unison-401314",
            "routing_policy": [],
            "rrdatas": [
              "35.190.56.141"
            ],
            "ttl": 300,
            "type": "A"
          },
          "sensitive_attributes": [],
          "private": "bnVsbA==",
          "dependencies": [
            "google_compute_global_address.vue_ip_lb"
          ]
        }
      ]
    },
    {
      "mode": "managed",
      "type": "google_service_networking_connection",
      "name": "terrafom_connection",
      "provider": "provider[\"registry.terraform.io/hashicorp/google\"]",
      "instances": [
        {
          "schema_version": 0,
          "attributes": {
            "id": "https%3A%2F%2Fwww.googleapis.com%2Fcompute%2Fv1%2Fprojects%2Fmolten-unison-401314%2Fglobal%2Fnetworks%2Fterraform-network:servicenetworking.googleapis.com",
            "network": "https://www.googleapis.com/compute/v1/projects/molten-unison-401314/global/networks/terraform-network",
            "peering": "servicenetworking-googleapis-com",
            "reserved_peering_ranges": [
              "private-ip-address"
            ],
            "service": "servicenetworking.googleapis.com",
            "timeouts": null
          },
          "sensitive_attributes": [],
          "private": "eyJlMmJmYjczMC1lY2FhLTExZTYtOGY4OC0zNDM2M2JjN2M0YzAiOnsiY3JlYXRlIjo2MDAwMDAwMDAwMDAsImRlbGV0ZSI6NjAwMDAwMDAwMDAwLCJ1cGRhdGUiOjYwMDAwMDAwMDAwMH19",
          "dependencies": [
            "google_compute_global_address.private_ip_address",
            "google_compute_network.vpc_network"
          ]
        }
      ]
    },
    {
      "mode": "managed",
      "type": "google_sql_database",
      "name": "backend_database",
      "provider": "provider[\"registry.terraform.io/hashicorp/google\"]",
      "instances": [
        {
          "schema_version": 0,
          "attributes": {
            "charset": "utf8mb4",
            "collation": "utf8mb4_0900_ai_ci",
            "deletion_policy": "DELETE",
            "id": "projects/molten-unison-401314/instances/mysql-terraform/databases/terraform-db-backend",
            "instance": "mysql-terraform",
            "name": "terraform-db-backend",
            "project": "molten-unison-401314",
            "self_link": "https://sqladmin.googleapis.com/sql/v1beta4/projects/molten-unison-401314/instances/mysql-terraform/databases/terraform-db-backend",
            "timeouts": null
          },
          "sensitive_attributes": [],
          "private": "eyJlMmJmYjczMC1lY2FhLTExZTYtOGY4OC0zNDM2M2JjN2M0YzAiOnsiY3JlYXRlIjoxMjAwMDAwMDAwMDAwLCJkZWxldGUiOjEyMDAwMDAwMDAwMDAsInVwZGF0ZSI6MTIwMDAwMDAwMDAwMH19",
          "dependencies": [
            "google_compute_global_address.private_ip_address",
            "google_compute_network.vpc_network",
            "google_service_networking_connection.terrafom_connection",
            "google_sql_database_instance.instance"
          ]
        }
      ]
    },
    {
      "mode": "managed",
      "type": "google_sql_database_instance",
      "name": "instance",
      "provider": "provider[\"registry.terraform.io/hashicorp/google\"]",
      "instances": [
        {
          "schema_version": 0,
          "attributes": {
            "available_maintenance_versions": [],
            "clone": [],
            "connection_name": "molten-unison-401314:us-central1:mysql-terraform",
            "database_version": "MYSQL_8_0",
            "deletion_protection": false,
            "encryption_key_name": null,
            "first_ip_address": "10.191.0.3",
            "id": "mysql-terraform",
            "instance_type": "CLOUD_SQL_INSTANCE",
            "ip_address": [
              {
                "ip_address": "10.191.0.3",
                "time_to_retire": "",
                "type": "PRIVATE"
              }
            ],
            "maintenance_version": "MYSQL_8_0_31.R20231105.01_00",
            "master_instance_name": "",
            "name": "mysql-terraform",
            "private_ip_address": "10.191.0.3",
            "project": "molten-unison-401314",
            "public_ip_address": "",
            "region": "us-central1",
            "replica_configuration": [],
            "restore_backup_context": [],
            "root_password": null,
            "self_link": "https://sqladmin.googleapis.com/sql/v1beta4/projects/molten-unison-401314/instances/mysql-terraform",
            "server_ca_cert": [
              {
                "cert": "-----BEGIN CERTIFICATE-----\nMIIDfzCCAmegAwIBAgIBADANBgkqhkiG9w0BAQsFADB3MS0wKwYDVQQuEyQwNjJm\nMmIwNC0yMzZmLTRkODUtYmI2Ny04ZGRmYmQ4NzdlMGYxIzAhBgNVBAMTGkdvb2ds\nZSBDbG91ZCBTUUwgU2VydmVyIENBMRQwEgYDVQQKEwtHb29nbGUsIEluYzELMAkG\nA1UEBhMCVVMwHhcNMjMxMjA5MjMxMDA2WhcNMzMxMjA2MjMxMTA2WjB3MS0wKwYD\nVQQuEyQwNjJmMmIwNC0yMzZmLTRkODUtYmI2Ny04ZGRmYmQ4NzdlMGYxIzAhBgNV\nBAMTGkdvb2dsZSBDbG91ZCBTUUwgU2VydmVyIENBMRQwEgYDVQQKEwtHb29nbGUs\nIEluYzELMAkGA1UEBhMCVVMwggEiMA0GCSqGSIb3DQEBAQUAA4IBDwAwggEKAoIB\nAQCYxU05C0jwCuTQZInsKawtAIEKUFo0IIqSH5fldWK2Jez8p3Uo+CKAg52bhh4i\nzLXs3PBWaMNhwZcGVtowwgxKKkblDUdTAgwYZj9d6FBHeQAwM+gSsldOQA7PsgSN\nddOF1rNqJfuf9xoCC5lNdGdzDeb5hOK0T7qw7H0/c3n6Z8XBdEyD/3J0X2KYYEDM\nPbGBhphKb8KPlXhl6w/ShHopyGpm449GZlV3DTMvn2tW/QlYv04d+KhxQnJIWAsa\n3qQdWADcuvHVc3Bi7o+weaI8uAJY5XWFoyWZg0Nq8fQ8+0yHFuGhgPb0C36Ww8dF\nqiDZ+e496q1YkW0m2J/JkJCxAgMBAAGjFjAUMBIGA1UdEwEB/wQIMAYBAf8CAQAw\nDQYJKoZIhvcNAQELBQADggEBAJhb/KTFn0QR5b3wWADoQ1pziQb8l18UoeNH8RxX\nH/TiLnH989KPea7FyMFmf7qgiR7ufYy1VGVPYuDhJ3panOcHy1kdlVFrkn58Xsyk\nVcSXo1Ae73s+xQpH+uJT1DIsB87l7WK3aWCeJNRcsPVZKkBJoDXu/otT44vh9+bo\nNGG2Isa66TO5YYu3dOaTJpV/gkAF4LWMeE7IAkd/YrmkcAy7rue0xf06xLWN1Vou\n5QeFu5QIkQq3O8RwcTS8q9nJp+dUe20GJTaRtbNuVmzf1s5XuPzYB4FJ/kbtL7RW\nl+tXZ4/RShTa7rKqulX/h9ik1hHf/w63qrqeyrmefNbaCnc=\n-----END CERTIFICATE-----",
                "common_name": "C=US,O=Google\\, Inc,CN=Google Cloud SQL Server CA,dnQualifier=062f2b04-236f-4d85-bb67-8ddfbd877e0f",
                "create_time": "2023-12-09T23:10:06.561Z",
                "expiration_time": "2033-12-06T23:11:06.561Z",
                "sha1_fingerprint": "0707b4c472e82a369b350f165f51cd10717307cf"
              }
            ],
            "service_account_email_address": "p535797381932-cc2993@gcp-sa-cloud-sql.iam.gserviceaccount.com",
            "settings": [
              {
                "activation_policy": "ALWAYS",
                "active_directory_config": [],
                "availability_type": "ZONAL",
                "backup_configuration": [
                  {
                    "backup_retention_settings": [
                      {
                        "retained_backups": 7,
                        "retention_unit": "COUNT"
                      }
                    ],
                    "binary_log_enabled": false,
                    "enabled": false,
                    "location": "",
                    "point_in_time_recovery_enabled": false,
                    "start_time": "03:00",
                    "transaction_log_retention_days": 7
                  }
                ],
                "collation": "",
                "connector_enforcement": "NOT_REQUIRED",
                "database_flags": [],
                "deletion_protection_enabled": false,
                "deny_maintenance_period": [],
                "disk_autoresize": true,
                "disk_autoresize_limit": 0,
                "disk_size": 10,
                "disk_type": "PD_SSD",
                "insights_config": [],
                "ip_configuration": [
                  {
                    "allocated_ip_range": "",
                    "authorized_networks": [],
                    "ipv4_enabled": false,
                    "private_network": "projects/molten-unison-401314/global/networks/terraform-network",
                    "require_ssl": false
                  }
                ],
                "location_preference": [
                  {
                    "follow_gae_application": "",
                    "secondary_zone": "",
                    "zone": "us-central1-c"
                  }
                ],
                "maintenance_window": [],
                "password_validation_policy": [],
                "pricing_plan": "PER_USE",
                "sql_server_audit_config": [],
                "tier": "db-f1-micro",
                "time_zone": "",
                "user_labels": {},
                "version": 1
              }
            ],
            "timeouts": null
          },
          "sensitive_attributes": [],
          "private": "eyJlMmJmYjczMC1lY2FhLTExZTYtOGY4OC0zNDM2M2JjN2M0YzAiOnsiY3JlYXRlIjoyNDAwMDAwMDAwMDAwLCJkZWxldGUiOjE4MDAwMDAwMDAwMDAsInVwZGF0ZSI6MTgwMDAwMDAwMDAwMH19",
          "dependencies": [
            "google_compute_global_address.private_ip_address",
            "google_compute_network.vpc_network",
            "google_service_networking_connection.terrafom_connection"
          ]
        }
      ]
    },
    {
      "mode": "managed",
      "type": "google_sql_user",
      "name": "users",
      "provider": "provider[\"registry.terraform.io/hashicorp/google\"]",
      "instances": [
        {
          "schema_version": 1,
          "attributes": {
            "deletion_policy": null,
            "host": "%",
            "id": "root/%/mysql-terraform",
            "instance": "mysql-terraform",
            "name": "root",
            "password": "12345678",
            "password_policy": [],
            "project": "molten-unison-401314",
            "sql_server_user_details": [],
            "timeouts": null,
            "type": ""
          },
          "sensitive_attributes": [],
          "private": "eyJlMmJmYjczMC1lY2FhLTExZTYtOGY4OC0zNDM2M2JjN2M0YzAiOnsiY3JlYXRlIjo2MDAwMDAwMDAwMDAsImRlbGV0ZSI6NjAwMDAwMDAwMDAwLCJ1cGRhdGUiOjYwMDAwMDAwMDAwMH0sInNjaGVtYV92ZXJzaW9uIjoiMSJ9",
          "dependencies": [
            "google_compute_global_address.private_ip_address",
            "google_compute_network.vpc_network",
            "google_service_networking_connection.terrafom_connection",
            "google_sql_database_instance.instance"
          ]
        }
      ]
    },
    {
      "mode": "managed",
      "type": "google_storage_bucket",
      "name": "static_website_bucket",
      "provider": "provider[\"registry.terraform.io/hashicorp/google\"]",
      "instances": [
        {
          "schema_version": 0,
          "attributes": {
            "autoclass": [],
            "cors": [],
            "custom_placement_config": [],
            "default_event_based_hold": false,
            "encryption": [],
            "force_destroy": true,
            "id": "terraform-frontend-bucket",
            "labels": {},
            "lifecycle_rule": [],
            "location": "US-CENTRAL1",
            "logging": [],
            "name": "terraform-frontend-bucket",
            "project": "molten-unison-401314",
            "public_access_prevention": "inherited",
            "requester_pays": false,
            "retention_policy": [],
            "self_link": "https://www.googleapis.com/storage/v1/b/terraform-frontend-bucket",
            "storage_class": "STANDARD",
            "timeouts": null,
            "uniform_bucket_level_access": false,
            "url": "gs://terraform-frontend-bucket",
            "versioning": [],
            "website": [
              {
                "main_page_suffix": "index.html",
                "not_found_page": "404.html"
              }
            ]
          },
          "sensitive_attributes": [],
          "private": "eyJlMmJmYjczMC1lY2FhLTExZTYtOGY4OC0zNDM2M2JjN2M0YzAiOnsiY3JlYXRlIjoyNDAwMDAwMDAwMDAsInJlYWQiOjI0MDAwMDAwMDAwMCwidXBkYXRlIjoyNDAwMDAwMDAwMDB9fQ=="
        }
      ]
    },
    {
      "mode": "managed",
      "type": "google_storage_bucket_acl",
      "name": "public_access",
      "provider": "provider[\"registry.terraform.io/hashicorp/google\"]",
      "instances": [
        {
          "schema_version": 0,
          "attributes": {
            "bucket": "terraform-frontend-bucket",
            "default_acl": null,
            "id": "terraform-frontend-bucket-acl",
            "predefined_acl": "publicread",
            "role_entity": []
          },
          "sensitive_attributes": [],
          "private": "bnVsbA==",
          "dependencies": [
            "google_storage_bucket.static_website_bucket"
          ]
        }
      ]
    },
    {
      "mode": "managed",
      "type": "google_storage_bucket_iam_member",
      "name": "member",
      "provider": "provider[\"registry.terraform.io/hashicorp/google\"]",
      "instances": [
        {
          "schema_version": 0,
          "attributes": {
            "bucket": "b/terraform-frontend-bucket",
            "condition": [],
            "etag": "CAM=",
            "id": "b/terraform-frontend-bucket/roles/storage.objectViewer/allUsers",
            "member": "allUsers",
            "role": "roles/storage.objectViewer"
          },
          "sensitive_attributes": [],
          "private": "bnVsbA==",
          "dependencies": [
            "google_storage_bucket.static_website_bucket"
          ]
        }
      ]
    },
    {
      "mode": "managed",
      "type": "google_storage_bucket_object",
      "name": "static_files",
      "provider": "provider[\"registry.terraform.io/hashicorp/google\"]",
      "instances": [
        {
          "index_key": "favicon.ico",
          "schema_version": 0,
          "attributes": {
            "bucket": "terraform-frontend-bucket",
            "cache_control": "",
            "content": null,
            "content_disposition": "",
            "content_encoding": "",
            "content_language": "",
            "content_type": "image/x-icon",
            "crc32c": "3pkINA==",
            "customer_encryption": [],
            "detect_md5hash": "G6KucQ2SfxPUg/1dHlSMmw==",
            "event_based_hold": false,
            "id": "terraform-frontend-bucket-favicon.ico",
            "kms_key_name": "",
            "md5hash": "G6KucQ2SfxPUg/1dHlSMmw==",
            "media_link": "https://storage.googleapis.com/download/storage/v1/b/terraform-frontend-bucket/o/favicon.ico?generation=1702163282914301\u0026alt=media",
            "metadata": {},
            "name": "favicon.ico",
            "output_name": "favicon.ico",
            "self_link": "https://www.googleapis.com/storage/v1/b/terraform-frontend-bucket/o/favicon.ico",
            "source": "./dist/favicon.ico",
            "storage_class": "STANDARD",
            "temporary_hold": false,
            "timeouts": null
          },
          "sensitive_attributes": [],
          "private": "eyJlMmJmYjczMC1lY2FhLTExZTYtOGY4OC0zNDM2M2JjN2M0YzAiOnsiY3JlYXRlIjoyNDAwMDAwMDAwMDAsImRlbGV0ZSI6MjQwMDAwMDAwMDAwLCJ1cGRhdGUiOjI0MDAwMDAwMDAwMH19",
          "dependencies": [
            "google_storage_bucket.static_website_bucket"
          ]
        },
        {
          "index_key": "index.html",
          "schema_version": 0,
          "attributes": {
            "bucket": "terraform-frontend-bucket",
            "cache_control": "",
            "content": null,
            "content_disposition": "",
            "content_encoding": "",
            "content_language": "",
            "content_type": "text/html; charset=utf-8",
            "crc32c": "LPgXyA==",
            "customer_encryption": [],
            "detect_md5hash": "AGJO/dJ/xHHfQtedjFVStQ==",
            "event_based_hold": false,
            "id": "terraform-frontend-bucket-index.html",
            "kms_key_name": "",
            "md5hash": "AGJO/dJ/xHHfQtedjFVStQ==",
            "media_link": "https://storage.googleapis.com/download/storage/v1/b/terraform-frontend-bucket/o/index.html?generation=1702163282116187\u0026alt=media",
            "metadata": {},
            "name": "index.html",
            "output_name": "index.html",
            "self_link": "https://www.googleapis.com/storage/v1/b/terraform-frontend-bucket/o/index.html",
            "source": "./dist/index.html",
            "storage_class": "STANDARD",
            "temporary_hold": false,
            "timeouts": null
          },
          "sensitive_attributes": [],
          "private": "eyJlMmJmYjczMC1lY2FhLTExZTYtOGY4OC0zNDM2M2JjN2M0YzAiOnsiY3JlYXRlIjoyNDAwMDAwMDAwMDAsImRlbGV0ZSI6MjQwMDAwMDAwMDAwLCJ1cGRhdGUiOjI0MDAwMDAwMDAwMH19",
          "dependencies": [
            "google_storage_bucket.static_website_bucket"
          ]
        },
        {
          "index_key": "terraform-frontend-bucket/js/app.a197efd7.js",
          "schema_version": 0,
          "attributes": {
            "bucket": "terraform-frontend-bucket",
            "cache_control": "",
            "content": null,
            "content_disposition": "",
            "content_encoding": "",
            "content_language": "",
            "content_type": "text/plain; charset=utf-8",
            "crc32c": "3vNKxA==",
            "customer_encryption": [],
            "detect_md5hash": "ipnWU8MA0y+jB9v810QrdA==",
            "event_based_hold": false,
            "id": "terraform-frontend-bucket-terraform-frontend-bucket/js/app.a197efd7.js",
            "kms_key_name": "",
            "md5hash": "ipnWU8MA0y+jB9v810QrdA==",
            "media_link": "https://storage.googleapis.com/download/storage/v1/b/terraform-frontend-bucket/o/terraform-frontend-bucket%2Fjs%2Fapp.a197efd7.js?generation=1702163282720263\u0026alt=media",
            "metadata": {},
            "name": "terraform-frontend-bucket/js/app.a197efd7.js",
            "output_name": "terraform-frontend-bucket/js/app.a197efd7.js",
            "self_link": "https://www.googleapis.com/storage/v1/b/terraform-frontend-bucket/o/terraform-frontend-bucket%2Fjs%2Fapp.a197efd7.js",
            "source": "./dist/terraform-frontend-bucket/js/app.a197efd7.js",
            "storage_class": "STANDARD",
            "temporary_hold": false,
            "timeouts": null
          },
          "sensitive_attributes": [],
          "private": "eyJlMmJmYjczMC1lY2FhLTExZTYtOGY4OC0zNDM2M2JjN2M0YzAiOnsiY3JlYXRlIjoyNDAwMDAwMDAwMDAsImRlbGV0ZSI6MjQwMDAwMDAwMDAwLCJ1cGRhdGUiOjI0MDAwMDAwMDAwMH19",
          "dependencies": [
            "google_storage_bucket.static_website_bucket"
          ]
        },
        {
          "index_key": "terraform-frontend-bucket/js/app.a197efd7.js.map",
          "schema_version": 0,
          "attributes": {
            "bucket": "terraform-frontend-bucket",
            "cache_control": "",
            "content": null,
            "content_disposition": "",
            "content_encoding": "",
            "content_language": "",
            "content_type": "text/plain; charset=utf-8",
            "crc32c": "mNV2Tw==",
            "customer_encryption": [],
            "detect_md5hash": "XP6IOAjtMbf7ZAPGjzlMeg==",
            "event_based_hold": false,
            "id": "terraform-frontend-bucket-terraform-frontend-bucket/js/app.a197efd7.js.map",
            "kms_key_name": "",
            "md5hash": "XP6IOAjtMbf7ZAPGjzlMeg==",
            "media_link": "https://storage.googleapis.com/download/storage/v1/b/terraform-frontend-bucket/o/terraform-frontend-bucket%2Fjs%2Fapp.a197efd7.js.map?generation=1702163282616697\u0026alt=media",
            "metadata": {},
            "name": "terraform-frontend-bucket/js/app.a197efd7.js.map",
            "output_name": "terraform-frontend-bucket/js/app.a197efd7.js.map",
            "self_link": "https://www.googleapis.com/storage/v1/b/terraform-frontend-bucket/o/terraform-frontend-bucket%2Fjs%2Fapp.a197efd7.js.map",
            "source": "./dist/terraform-frontend-bucket/js/app.a197efd7.js.map",
            "storage_class": "STANDARD",
            "temporary_hold": false,
            "timeouts": null
          },
          "sensitive_attributes": [],
          "private": "eyJlMmJmYjczMC1lY2FhLTExZTYtOGY4OC0zNDM2M2JjN2M0YzAiOnsiY3JlYXRlIjoyNDAwMDAwMDAwMDAsImRlbGV0ZSI6MjQwMDAwMDAwMDAwLCJ1cGRhdGUiOjI0MDAwMDAwMDAwMH19",
          "dependencies": [
            "google_storage_bucket.static_website_bucket"
          ]
        },
        {
          "index_key": "terraform-frontend-bucket/js/chunk-vendors.c257ec4b.js",
          "schema_version": 0,
          "attributes": {
            "bucket": "terraform-frontend-bucket",
            "cache_control": "",
            "content": null,
            "content_disposition": "",
            "content_encoding": "",
            "content_language": "",
            "content_type": "text/plain; charset=utf-8",
            "crc32c": "IOcGWQ==",
            "customer_encryption": [],
            "detect_md5hash": "OxcevmcRYayfmvxkmeUKAA==",
            "event_based_hold": false,
            "id": "terraform-frontend-bucket-terraform-frontend-bucket/js/chunk-vendors.c257ec4b.js",
            "kms_key_name": "",
            "md5hash": "OxcevmcRYayfmvxkmeUKAA==",
            "media_link": "https://storage.googleapis.com/download/storage/v1/b/terraform-frontend-bucket/o/terraform-frontend-bucket%2Fjs%2Fchunk-vendors.c257ec4b.js?generation=1702163282116496\u0026alt=media",
            "metadata": {},
            "name": "terraform-frontend-bucket/js/chunk-vendors.c257ec4b.js",
            "output_name": "terraform-frontend-bucket/js/chunk-vendors.c257ec4b.js",
            "self_link": "https://www.googleapis.com/storage/v1/b/terraform-frontend-bucket/o/terraform-frontend-bucket%2Fjs%2Fchunk-vendors.c257ec4b.js",
            "source": "./dist/terraform-frontend-bucket/js/chunk-vendors.c257ec4b.js",
            "storage_class": "STANDARD",
            "temporary_hold": false,
            "timeouts": null
          },
          "sensitive_attributes": [],
          "private": "eyJlMmJmYjczMC1lY2FhLTExZTYtOGY4OC0zNDM2M2JjN2M0YzAiOnsiY3JlYXRlIjoyNDAwMDAwMDAwMDAsImRlbGV0ZSI6MjQwMDAwMDAwMDAwLCJ1cGRhdGUiOjI0MDAwMDAwMDAwMH19",
          "dependencies": [
            "google_storage_bucket.static_website_bucket"
          ]
        },
        {
          "index_key": "terraform-frontend-bucket/js/chunk-vendors.c257ec4b.js.map",
          "schema_version": 0,
          "attributes": {
            "bucket": "terraform-frontend-bucket",
            "cache_control": "",
            "content": null,
            "content_disposition": "",
            "content_encoding": "",
            "content_language": "",
            "content_type": "text/plain; charset=utf-8",
            "crc32c": "4EDEHw==",
            "customer_encryption": [],
            "detect_md5hash": "sfEictXAkojoiKqWQW1GpQ==",
            "event_based_hold": false,
            "id": "terraform-frontend-bucket-terraform-frontend-bucket/js/chunk-vendors.c257ec4b.js.map",
            "kms_key_name": "",
            "md5hash": "sfEictXAkojoiKqWQW1GpQ==",
            "media_link": "https://storage.googleapis.com/download/storage/v1/b/terraform-frontend-bucket/o/terraform-frontend-bucket%2Fjs%2Fchunk-vendors.c257ec4b.js.map?generation=1702163283014956\u0026alt=media",
            "metadata": {},
            "name": "terraform-frontend-bucket/js/chunk-vendors.c257ec4b.js.map",
            "output_name": "terraform-frontend-bucket/js/chunk-vendors.c257ec4b.js.map",
            "self_link": "https://www.googleapis.com/storage/v1/b/terraform-frontend-bucket/o/terraform-frontend-bucket%2Fjs%2Fchunk-vendors.c257ec4b.js.map",
            "source": "./dist/terraform-frontend-bucket/js/chunk-vendors.c257ec4b.js.map",
            "storage_class": "STANDARD",
            "temporary_hold": false,
            "timeouts": null
          },
          "sensitive_attributes": [],
          "private": "eyJlMmJmYjczMC1lY2FhLTExZTYtOGY4OC0zNDM2M2JjN2M0YzAiOnsiY3JlYXRlIjoyNDAwMDAwMDAwMDAsImRlbGV0ZSI6MjQwMDAwMDAwMDAwLCJ1cGRhdGUiOjI0MDAwMDAwMDAwMH19",
          "dependencies": [
            "google_storage_bucket.static_website_bucket"
          ]
        }
      ]
    }
  ],
  "check_results": null
}
