{
  "version": 4,
  "terraform_version": "1.6.4",
  "serial": 221,
  "lineage": "c41f6d13-6b1a-543b-193c-77db7db8d5c5",
  "outputs": {},
  "resources": [
    {
      "mode": "data",
      "type": "google_client_config",
      "name": "default",
      "provider": "provider[\"registry.terraform.io/hashicorp/google\"]",
      "instances": [
        {
          "schema_version": 0,
          "attributes": {
            "access_token": "ya29.c.c0AY_VpZjcoO80h7yHz9aWyLXz10j7mloTB27uxAFtW06M35rVDIuUIfu9rmjsoYiLbkZsvRz47MGxEbKoaU7oFwSp4OsViauNRtCA7U_2dGUVJIASskcADVFZpDDiDZ02JAzSFOXVT-DVoX5mL3z6cJYAf-W98vhOhzzPDXpHM9tnO7oZpT08SiMscex9OfOlvkFdgMR1PMbumEkfsfaBLtq3kSOoT-n_OZOiqOOZoCbWRamvX2Pdk_eA2AO2TJTgKAFRCC1Wn1ALT2R4loNhJ6us4jOFPZzVH1gDW4_LyGJ3Y3Xh8aZN56QkoASSLTL5NkMoBSWqT3ZQ232GaPpxBDs-767Nlk-UPVgkURsoFmlhxWjfvVQsa9wa_Z4L388CvaVq5M87UJuoZM0Orl6rIqWtQiuZajmm4OJYa4ghU4BxZ1lbaYR1zVh1ZcmV_ioa_i9Ra2U2qO6lJgbc37z-xBSyhpxyacUFt99VqhnJZnJ6cOOS05a7ht3Xg44-Y-lOrdZQ8IXsdXFfwS5q2SO1M8azt6jfWsFR_FvFMxxIiuh9lQZss_7StyY1B1ua_o1939qWreVuIhVRc1lQmgyQocUeuZOsMYiMrjWYqniB_SW2kmoaIUxYO35ljO7xI-BnJlh1iV98h5wynX2oZ8nuwg-p8co19X9-fobYs9kklzpbkane9ayrnVQX_Oq5_-45XfB54ivsulkZ2Jt9fZVqdBXZO5VF5ano_t0dBg_lc1BxB2ggRq5vXS_mIkr8W8jrf-pR1i5Bxh7bs-wqfVpXt3k_uOYUYXgc9Uu-qgycjU8oZIoUBextkFh518oywrnpVOmf7hix77j_kJMVxMy24uB5UQOyMwWlacpUQBq4OX9Syuieahvv7RBW3_ud63Yggs5vfUwgV2Xg-B9rn86vp0pbit5fj36nVmgJg-RqyjzfnOzQ1gFXqx9-VV35wwd8aeRZvRicJ0nayX8IxUul2jzhWj1-p_SVZe0tv8buo9cMpctzliqsBQM",
            "id": "projects/molten-unison-401314/regions/us-central1/zones/us-central1-c",
            "project": "molten-unison-401314",
            "region": "us-central1",
            "zone": "us-central1-c"
          },
          "sensitive_attributes": []
        }
      ]
    },
    {
      "mode": "managed",
      "type": "google_artifact_registry_repository",
      "name": "my-repo",
      "provider": "provider[\"registry.terraform.io/hashicorp/google\"]",
      "instances": [
        {
          "schema_version": 0,
          "attributes": {
            "create_time": "2023-12-09T19:52:07.801278Z",
            "description": "",
            "format": "DOCKER",
            "id": "projects/molten-unison-401314/locations/us-central1/repositories/terraform-images",
            "kms_key_name": "",
            "labels": {},
            "location": "us-central1",
            "maven_config": [],
            "name": "terraform-images",
            "project": "molten-unison-401314",
            "repository_id": "terraform-images",
            "timeouts": null,
            "update_time": "2023-12-09T19:52:07.801278Z"
          },
          "sensitive_attributes": [],
          "private": "eyJlMmJmYjczMC1lY2FhLTExZTYtOGY4OC0zNDM2M2JjN2M0YzAiOnsiY3JlYXRlIjoxMjAwMDAwMDAwMDAwLCJkZWxldGUiOjEyMDAwMDAwMDAwMDAsInVwZGF0ZSI6MTIwMDAwMDAwMDAwMH19"
        }
      ]
    },
    {
      "mode": "managed",
      "type": "google_compute_backend_bucket",
      "name": "backend_bucket",
      "provider": "provider[\"registry.terraform.io/hashicorp/google\"]",
      "instances": [
        {
          "schema_version": 0,
          "attributes": {
            "bucket_name": "terraform-frontend-bucket",
            "cdn_policy": [],
            "compression_mode": "",
            "creation_timestamp": "2023-12-09T11:52:08.334-08:00",
            "custom_response_headers": [],
            "description": "",
            "edge_security_policy": "",
            "enable_cdn": false,
            "id": "projects/molten-unison-401314/global/backendBuckets/my-backend-bucket",
            "name": "my-backend-bucket",
            "project": "molten-unison-401314",
            "self_link": "https://www.googleapis.com/compute/v1/projects/molten-unison-401314/global/backendBuckets/my-backend-bucket",
            "timeouts": null
          },
          "sensitive_attributes": [],
          "private": "eyJlMmJmYjczMC1lY2FhLTExZTYtOGY4OC0zNDM2M2JjN2M0YzAiOnsiY3JlYXRlIjoxMjAwMDAwMDAwMDAwLCJkZWxldGUiOjEyMDAwMDAwMDAwMDAsInVwZGF0ZSI6MTIwMDAwMDAwMDAwMH19",
          "dependencies": [
            "google_storage_bucket.static_website_bucket"
          ]
        }
      ]
    },
    {
      "mode": "managed",
      "type": "google_compute_firewall",
      "name": "allow_http",
      "provider": "provider[\"registry.terraform.io/hashicorp/google\"]",
      "instances": [
        {
          "schema_version": 1,
          "attributes": {
            "allow": [
              {
                "ports": [
                  "80"
                ],
                "protocol": "tcp"
              }
            ],
            "creation_timestamp": "2023-12-09T12:06:42.916-08:00",
            "deny": [],
            "description": "",
            "destination_ranges": [],
            "direction": "INGRESS",
            "disabled": false,
            "enable_logging": null,
            "id": "projects/molten-unison-401314/global/firewalls/terraform-allow-http",
            "log_config": [],
            "name": "terraform-allow-http",
            "network": "https://www.googleapis.com/compute/v1/projects/molten-unison-401314/global/networks/terraform-network",
            "priority": 1000,
            "project": "molten-unison-401314",
            "self_link": "https://www.googleapis.com/compute/v1/projects/molten-unison-401314/global/firewalls/terraform-allow-http",
            "source_ranges": [
              "0.0.0.0/0"
            ],
            "source_service_accounts": [],
            "source_tags": [],
            "target_service_accounts": [],
            "target_tags": [],
            "timeouts": null
          },
          "sensitive_attributes": [],
          "private": "eyJlMmJmYjczMC1lY2FhLTExZTYtOGY4OC0zNDM2M2JjN2M0YzAiOnsiY3JlYXRlIjoxMjAwMDAwMDAwMDAwLCJkZWxldGUiOjEyMDAwMDAwMDAwMDAsInVwZGF0ZSI6MTIwMDAwMDAwMDAwMH0sInNjaGVtYV92ZXJzaW9uIjoiMSJ9"
        }
      ]
    },
    {
      "mode": "managed",
      "type": "google_compute_firewall",
      "name": "allow_https",
      "provider": "provider[\"registry.terraform.io/hashicorp/google\"]",
      "instances": [
        {
          "schema_version": 1,
          "attributes": {
            "allow": [
              {
                "ports": [
                  "443"
                ],
                "protocol": "tcp"
              }
            ],
            "creation_timestamp": "2023-12-09T12:06:42.984-08:00",
            "deny": [],
            "description": "",
            "destination_ranges": [],
            "direction": "INGRESS",
            "disabled": false,
            "enable_logging": null,
            "id": "projects/molten-unison-401314/global/firewalls/terraform-allow-https",
            "log_config": [],
            "name": "terraform-allow-https",
            "network": "https://www.googleapis.com/compute/v1/projects/molten-unison-401314/global/networks/terraform-network",
            "priority": 1000,
            "project": "molten-unison-401314",
            "self_link": "https://www.googleapis.com/compute/v1/projects/molten-unison-401314/global/firewalls/terraform-allow-https",
            "source_ranges": [
              "0.0.0.0/0"
            ],
            "source_service_accounts": [],
            "source_tags": [],
            "target_service_accounts": [],
            "target_tags": [],
            "timeouts": null
          },
          "sensitive_attributes": [],
          "private": "eyJlMmJmYjczMC1lY2FhLTExZTYtOGY4OC0zNDM2M2JjN2M0YzAiOnsiY3JlYXRlIjoxMjAwMDAwMDAwMDAwLCJkZWxldGUiOjEyMDAwMDAwMDAwMDAsInVwZGF0ZSI6MTIwMDAwMDAwMDAwMH0sInNjaGVtYV92ZXJzaW9uIjoiMSJ9"
        }
      ]
    },
    {
      "mode": "managed",
      "type": "google_compute_firewall",
      "name": "allow_icmp",
      "provider": "provider[\"registry.terraform.io/hashicorp/google\"]",
      "instances": [
        {
          "schema_version": 1,
          "attributes": {
            "allow": [
              {
                "ports": [],
                "protocol": "icmp"
              }
            ],
            "creation_timestamp": "2023-12-09T12:06:42.829-08:00",
            "deny": [],
            "description": "",
            "destination_ranges": [],
            "direction": "INGRESS",
            "disabled": false,
            "enable_logging": null,
            "id": "projects/molten-unison-401314/global/firewalls/terraform-allow-icmp",
            "log_config": [],
            "name": "terraform-allow-icmp",
            "network": "https://www.googleapis.com/compute/v1/projects/molten-unison-401314/global/networks/terraform-network",
            "priority": 1000,
            "project": "molten-unison-401314",
            "self_link": "https://www.googleapis.com/compute/v1/projects/molten-unison-401314/global/firewalls/terraform-allow-icmp",
            "source_ranges": [
              "0.0.0.0/0"
            ],
            "source_service_accounts": [],
            "source_tags": [],
            "target_service_accounts": [],
            "target_tags": [],
            "timeouts": null
          },
          "sensitive_attributes": [],
          "private": "eyJlMmJmYjczMC1lY2FhLTExZTYtOGY4OC0zNDM2M2JjN2M0YzAiOnsiY3JlYXRlIjoxMjAwMDAwMDAwMDAwLCJkZWxldGUiOjEyMDAwMDAwMDAwMDAsInVwZGF0ZSI6MTIwMDAwMDAwMDAwMH0sInNjaGVtYV92ZXJzaW9uIjoiMSJ9"
        }
      ]
    },
    {
      "mode": "managed",
      "type": "google_compute_firewall",
      "name": "allow_mysql",
      "provider": "provider[\"registry.terraform.io/hashicorp/google\"]",
      "instances": [
        {
          "schema_version": 1,
          "attributes": {
            "allow": [
              {
                "ports": [
                  "3306"
                ],
                "protocol": "tcp"
              }
            ],
            "creation_timestamp": "2023-12-09T12:06:42.821-08:00",
            "deny": [],
            "description": "",
            "destination_ranges": [],
            "direction": "INGRESS",
            "disabled": false,
            "enable_logging": null,
            "id": "projects/molten-unison-401314/global/firewalls/terraform-allow-mysql",
            "log_config": [],
            "name": "terraform-allow-mysql",
            "network": "https://www.googleapis.com/compute/v1/projects/molten-unison-401314/global/networks/terraform-network",
            "priority": 1000,
            "project": "molten-unison-401314",
            "self_link": "https://www.googleapis.com/compute/v1/projects/molten-unison-401314/global/firewalls/terraform-allow-mysql",
            "source_ranges": [
              "0.0.0.0/0"
            ],
            "source_service_accounts": [],
            "source_tags": [],
            "target_service_accounts": [],
            "target_tags": [],
            "timeouts": null
          },
          "sensitive_attributes": [],
          "private": "eyJlMmJmYjczMC1lY2FhLTExZTYtOGY4OC0zNDM2M2JjN2M0YzAiOnsiY3JlYXRlIjoxMjAwMDAwMDAwMDAwLCJkZWxldGUiOjEyMDAwMDAwMDAwMDAsInVwZGF0ZSI6MTIwMDAwMDAwMDAwMH0sInNjaGVtYV92ZXJzaW9uIjoiMSJ9"
        }
      ]
    },
    {
      "mode": "managed",
      "type": "google_compute_firewall",
      "name": "allow_ssh",
      "provider": "provider[\"registry.terraform.io/hashicorp/google\"]",
      "instances": [
        {
          "schema_version": 1,
          "attributes": {
            "allow": [
              {
                "ports": [
                  "22"
                ],
                "protocol": "tcp"
              }
            ],
            "creation_timestamp": "2023-12-09T12:06:42.983-08:00",
            "deny": [],
            "description": "",
            "destination_ranges": [],
            "direction": "INGRESS",
            "disabled": false,
            "enable_logging": null,
            "id": "projects/molten-unison-401314/global/firewalls/terraform-allow-ssh",
            "log_config": [],
            "name": "terraform-allow-ssh",
            "network": "https://www.googleapis.com/compute/v1/projects/molten-unison-401314/global/networks/terraform-network",
            "priority": 1000,
            "project": "molten-unison-401314",
            "self_link": "https://www.googleapis.com/compute/v1/projects/molten-unison-401314/global/firewalls/terraform-allow-ssh",
            "source_ranges": [
              "0.0.0.0/0"
            ],
            "source_service_accounts": [],
            "source_tags": [],
            "target_service_accounts": [],
            "target_tags": [],
            "timeouts": null
          },
          "sensitive_attributes": [],
          "private": "eyJlMmJmYjczMC1lY2FhLTExZTYtOGY4OC0zNDM2M2JjN2M0YzAiOnsiY3JlYXRlIjoxMjAwMDAwMDAwMDAwLCJkZWxldGUiOjEyMDAwMDAwMDAwMDAsInVwZGF0ZSI6MTIwMDAwMDAwMDAwMH0sInNjaGVtYV92ZXJzaW9uIjoiMSJ9"
        }
      ]
    },
    {
      "mode": "managed",
      "type": "google_compute_global_address",
      "name": "private_ip_address",
      "provider": "provider[\"registry.terraform.io/hashicorp/google\"]",
      "instances": [
        {
          "schema_version": 0,
          "attributes": {
            "address": "10.110.0.0",
            "address_type": "INTERNAL",
            "creation_timestamp": "2023-12-09T11:52:29.242-08:00",
            "description": "",
            "id": "projects/molten-unison-401314/global/addresses/private-ip-address",
            "ip_version": "",
            "name": "private-ip-address",
            "network": "https://www.googleapis.com/compute/v1/projects/molten-unison-401314/global/networks/terraform-network",
            "prefix_length": 16,
            "project": "molten-unison-401314",
            "purpose": "VPC_PEERING",
            "self_link": "https://www.googleapis.com/compute/v1/projects/molten-unison-401314/global/addresses/private-ip-address",
            "timeouts": null
          },
          "sensitive_attributes": [],
          "private": "eyJlMmJmYjczMC1lY2FhLTExZTYtOGY4OC0zNDM2M2JjN2M0YzAiOnsiY3JlYXRlIjoxMjAwMDAwMDAwMDAwLCJkZWxldGUiOjEyMDAwMDAwMDAwMDB9fQ==",
          "dependencies": [
            "google_compute_network.vpc_network"
          ]
        }
      ]
    },
    {
      "mode": "managed",
      "type": "google_compute_global_address",
      "name": "vue_ip_lb",
      "provider": "provider[\"registry.terraform.io/hashicorp/google\"]",
      "instances": [
        {
          "schema_version": 0,
          "attributes": {
            "address": "35.244.209.15",
            "address_type": "EXTERNAL",
            "creation_timestamp": "2023-12-09T11:52:07.921-08:00",
            "description": "",
            "id": "projects/molten-unison-401314/global/addresses/vue-ip-lb",
            "ip_version": "",
            "name": "vue-ip-lb",
            "network": "",
            "prefix_length": 0,
            "project": "molten-unison-401314",
            "purpose": "",
            "self_link": "https://www.googleapis.com/compute/v1/projects/molten-unison-401314/global/addresses/vue-ip-lb",
            "timeouts": null
          },
          "sensitive_attributes": [],
          "private": "eyJlMmJmYjczMC1lY2FhLTExZTYtOGY4OC0zNDM2M2JjN2M0YzAiOnsiY3JlYXRlIjoxMjAwMDAwMDAwMDAwLCJkZWxldGUiOjEyMDAwMDAwMDAwMDB9fQ=="
        }
      ]
    },
    {
      "mode": "managed",
      "type": "google_compute_global_forwarding_rule",
      "name": "vue_rule",
      "provider": "provider[\"registry.terraform.io/hashicorp/google\"]",
      "instances": [
        {
          "schema_version": 0,
          "attributes": {
            "description": "",
            "id": "projects/molten-unison-401314/global/forwardingRules/vue-forwarding-rule",
            "ip_address": "projects/molten-unison-401314/global/addresses/vue-ip-lb",
            "ip_protocol": "TCP",
            "ip_version": "",
            "label_fingerprint": "42WmSpB8rSM=",
            "labels": {},
            "load_balancing_scheme": "EXTERNAL",
            "metadata_filters": [],
            "name": "vue-forwarding-rule",
            "network": "",
            "port_range": "443",
            "project": "molten-unison-401314",
            "psc_connection_id": "",
            "psc_connection_status": "",
            "self_link": "https://www.googleapis.com/compute/v1/projects/molten-unison-401314/global/forwardingRules/vue-forwarding-rule",
            "target": "projects/molten-unison-401314/global/targetHttpsProxies/vue-https-proxy",
            "timeouts": null
          },
          "sensitive_attributes": [],
          "private": "eyJlMmJmYjczMC1lY2FhLTExZTYtOGY4OC0zNDM2M2JjN2M0YzAiOnsiY3JlYXRlIjoxMjAwMDAwMDAwMDAwLCJkZWxldGUiOjEyMDAwMDAwMDAwMDAsInVwZGF0ZSI6MTIwMDAwMDAwMDAwMH19",
          "dependencies": [
            "google_compute_backend_bucket.backend_bucket",
            "google_compute_global_address.vue_ip_lb",
            "google_compute_managed_ssl_certificate.lb_vue_ssl",
            "google_compute_target_https_proxy.vue_lb_default",
            "google_compute_url_map.vue_url_map",
            "google_dns_record_set.frontend",
            "google_storage_bucket.static_website_bucket"
          ]
        }
      ]
    },
    {
      "mode": "managed",
      "type": "google_compute_managed_ssl_certificate",
      "name": "lb_vue_ssl",
      "provider": "provider[\"registry.terraform.io/hashicorp/google\"]",
      "instances": [
        {
          "schema_version": 0,
          "attributes": {
            "certificate_id": 1606573502798330777,
            "creation_timestamp": "2023-12-09T11:52:22.303-08:00",
            "description": "",
            "expire_time": "2024-03-08T11:59:28.000-08:00",
            "id": "projects/molten-unison-401314/global/sslCertificates/vue-ssl-cert",
            "managed": [
              {
                "domains": [
                  "frontend.tariq-trainee.store"
                ]
              }
            ],
            "name": "vue-ssl-cert",
            "project": "molten-unison-401314",
            "self_link": "https://www.googleapis.com/compute/v1/projects/molten-unison-401314/global/sslCertificates/vue-ssl-cert",
            "subject_alternative_names": [
              "frontend.tariq-trainee.store"
            ],
            "timeouts": null,
            "type": "MANAGED"
          },
          "sensitive_attributes": [],
          "private": "eyJlMmJmYjczMC1lY2FhLTExZTYtOGY4OC0zNDM2M2JjN2M0YzAiOnsiY3JlYXRlIjoxODAwMDAwMDAwMDAwLCJkZWxldGUiOjE4MDAwMDAwMDAwMDB9fQ==",
          "dependencies": [
            "google_compute_global_address.vue_ip_lb",
            "google_dns_record_set.frontend"
          ]
        }
      ]
    },
    {
      "mode": "managed",
      "type": "google_compute_network",
      "name": "vpc_network",
      "provider": "provider[\"registry.terraform.io/hashicorp/google\"]",
      "instances": [
        {
          "schema_version": 0,
          "attributes": {
            "auto_create_subnetworks": false,
            "delete_default_routes_on_create": false,
            "description": "",
            "enable_ula_internal_ipv6": false,
            "gateway_ipv4": "",
            "id": "projects/molten-unison-401314/global/networks/terraform-network",
            "internal_ipv6_range": "",
            "mtu": 0,
            "name": "terraform-network",
            "project": "molten-unison-401314",
            "routing_mode": "REGIONAL",
            "self_link": "https://www.googleapis.com/compute/v1/projects/molten-unison-401314/global/networks/terraform-network",
            "timeouts": null
          },
          "sensitive_attributes": [],
          "private": "eyJlMmJmYjczMC1lY2FhLTExZTYtOGY4OC0zNDM2M2JjN2M0YzAiOnsiY3JlYXRlIjoxMjAwMDAwMDAwMDAwLCJkZWxldGUiOjEyMDAwMDAwMDAwMDAsInVwZGF0ZSI6MTIwMDAwMDAwMDAwMH19"
        }
      ]
    },
    {
      "mode": "managed",
      "type": "google_compute_router",
      "name": "router",
      "provider": "provider[\"registry.terraform.io/hashicorp/google\"]",
      "instances": [
        {
          "schema_version": 0,
          "attributes": {
            "bgp": [
              {
                "advertise_mode": "DEFAULT",
                "advertised_groups": [],
                "advertised_ip_ranges": [],
                "asn": 64514,
                "keepalive_interval": 20
              }
            ],
            "creation_timestamp": "2023-12-09T12:06:43.023-08:00",
            "description": "",
            "encrypted_interconnect_router": false,
            "id": "projects/molten-unison-401314/regions/us-central1/routers/terraform-router",
            "name": "terraform-router",
            "network": "https://www.googleapis.com/compute/v1/projects/molten-unison-401314/global/networks/terraform-network",
            "project": "molten-unison-401314",
            "region": "us-central1",
            "self_link": "https://www.googleapis.com/compute/v1/projects/molten-unison-401314/regions/us-central1/routers/terraform-router",
            "timeouts": null
          },
          "sensitive_attributes": [],
          "private": "eyJlMmJmYjczMC1lY2FhLTExZTYtOGY4OC0zNDM2M2JjN2M0YzAiOnsiY3JlYXRlIjoxMjAwMDAwMDAwMDAwLCJkZWxldGUiOjEyMDAwMDAwMDAwMDAsInVwZGF0ZSI6MTIwMDAwMDAwMDAwMH19"
        }
      ]
    },
    {
      "mode": "managed",
      "type": "google_compute_router_nat",
      "name": "nat",
      "provider": "provider[\"registry.terraform.io/hashicorp/google\"]",
      "instances": [
        {
          "schema_version": 0,
          "attributes": {
            "drain_nat_ips": [],
            "enable_dynamic_port_allocation": false,
            "enable_endpoint_independent_mapping": true,
            "icmp_idle_timeout_sec": 30,
            "id": "molten-unison-401314/us-central1/terraform-router/terraform-router-nat",
            "log_config": [
              {
                "enable": true,
                "filter": "ERRORS_ONLY"
              }
            ],
            "max_ports_per_vm": 0,
            "min_ports_per_vm": 0,
            "name": "terraform-router-nat",
            "nat_ip_allocate_option": "AUTO_ONLY",
            "nat_ips": [],
            "project": "molten-unison-401314",
            "region": "us-central1",
            "router": "terraform-router",
            "rules": [],
            "source_subnetwork_ip_ranges_to_nat": "ALL_SUBNETWORKS_ALL_IP_RANGES",
            "subnetwork": [],
            "tcp_established_idle_timeout_sec": 1200,
            "tcp_time_wait_timeout_sec": 120,
            "tcp_transitory_idle_timeout_sec": 30,
            "timeouts": null,
            "udp_idle_timeout_sec": 30
          },
          "sensitive_attributes": [],
          "private": "eyJlMmJmYjczMC1lY2FhLTExZTYtOGY4OC0zNDM2M2JjN2M0YzAiOnsiY3JlYXRlIjoxMjAwMDAwMDAwMDAwLCJkZWxldGUiOjEyMDAwMDAwMDAwMDAsInVwZGF0ZSI6MTIwMDAwMDAwMDAwMH19"
        }
      ]
    },
    {
      "mode": "managed",
      "type": "google_compute_subnetwork",
      "name": "my_subnetwork",
      "provider": "provider[\"registry.terraform.io/hashicorp/google\"]",
      "instances": [
        {
          "schema_version": 0,
          "attributes": {
            "creation_timestamp": "2023-12-09T12:06:43.157-08:00",
            "description": "",
            "external_ipv6_prefix": "",
            "fingerprint": null,
            "gateway_address": "10.0.0.1",
            "id": "projects/molten-unison-401314/regions/us-central1/subnetworks/terraform-subnetwork",
            "ip_cidr_range": "10.0.0.0/26",
            "ipv6_access_type": "",
            "ipv6_cidr_range": "",
            "log_config": [],
            "name": "terraform-subnetwork",
            "network": "https://www.googleapis.com/compute/v1/projects/molten-unison-401314/global/networks/terraform-network",
            "private_ip_google_access": true,
            "private_ipv6_google_access": "DISABLE_GOOGLE_ACCESS",
            "project": "molten-unison-401314",
            "purpose": "PRIVATE",
            "region": "us-central1",
            "role": "",
            "secondary_ip_range": [
              {
                "ip_cidr_range": "10.3.0.0/20",
                "range_name": "gke-terraform-backend-cluster-services-f35ac8e2"
              },
              {
                "ip_cidr_range": "10.2.0.0/16",
                "range_name": "gke-terraform-backend-cluster-pods-f35ac8e2"
              }
            ],
            "self_link": "https://www.googleapis.com/compute/v1/projects/molten-unison-401314/regions/us-central1/subnetworks/terraform-subnetwork",
            "stack_type": "IPV4_ONLY",
            "timeouts": null
          },
          "sensitive_attributes": [],
          "private": "eyJlMmJmYjczMC1lY2FhLTExZTYtOGY4OC0zNDM2M2JjN2M0YzAiOnsiY3JlYXRlIjoxMjAwMDAwMDAwMDAwLCJkZWxldGUiOjEyMDAwMDAwMDAwMDAsInVwZGF0ZSI6MTIwMDAwMDAwMDAwMH19"
        }
      ]
    },
    {
      "mode": "managed",
      "type": "google_compute_target_https_proxy",
      "name": "vue_lb_default",
      "provider": "provider[\"registry.terraform.io/hashicorp/google\"]",
      "instances": [
        {
          "schema_version": 0,
          "attributes": {
            "certificate_map": "",
            "creation_timestamp": "2023-12-09T11:52:33.946-08:00",
            "description": "",
            "id": "projects/molten-unison-401314/global/targetHttpsProxies/vue-https-proxy",
            "name": "vue-https-proxy",
            "project": "molten-unison-401314",
            "proxy_bind": false,
            "proxy_id": 2550162153983802222,
            "quic_override": "NONE",
            "self_link": "https://www.googleapis.com/compute/v1/projects/molten-unison-401314/global/targetHttpsProxies/vue-https-proxy",
            "ssl_certificates": [
              "https://www.googleapis.com/compute/v1/projects/molten-unison-401314/global/sslCertificates/vue-ssl-cert"
            ],
            "ssl_policy": "",
            "timeouts": null,
            "url_map": "https://www.googleapis.com/compute/v1/projects/molten-unison-401314/global/urlMaps/vue-url-map"
          },
          "sensitive_attributes": [],
          "private": "eyJlMmJmYjczMC1lY2FhLTExZTYtOGY4OC0zNDM2M2JjN2M0YzAiOnsiY3JlYXRlIjoxMjAwMDAwMDAwMDAwLCJkZWxldGUiOjEyMDAwMDAwMDAwMDAsInVwZGF0ZSI6MTIwMDAwMDAwMDAwMH19",
          "dependencies": [
            "google_compute_backend_bucket.backend_bucket",
            "google_compute_global_address.vue_ip_lb",
            "google_compute_managed_ssl_certificate.lb_vue_ssl",
            "google_compute_url_map.vue_url_map",
            "google_dns_record_set.frontend",
            "google_storage_bucket.static_website_bucket"
          ]
        }
      ]
    },
    {
      "mode": "managed",
      "type": "google_compute_url_map",
      "name": "vue_url_map",
      "provider": "provider[\"registry.terraform.io/hashicorp/google\"]",
      "instances": [
        {
          "schema_version": 0,
          "attributes": {
            "creation_timestamp": "2023-12-09T11:52:19.767-08:00",
            "default_route_action": [],
            "default_service": "https://www.googleapis.com/compute/v1/projects/molten-unison-401314/global/backendBuckets/my-backend-bucket",
            "default_url_redirect": [],
            "description": "",
            "fingerprint": "O1kbhUTyShw=",
            "header_action": [],
            "host_rule": [],
            "id": "projects/molten-unison-401314/global/urlMaps/vue-url-map",
            "map_id": 5192014129939446684,
            "name": "vue-url-map",
            "path_matcher": [],
            "project": "molten-unison-401314",
            "self_link": "https://www.googleapis.com/compute/v1/projects/molten-unison-401314/global/urlMaps/vue-url-map",
            "test": [],
            "timeouts": null
          },
          "sensitive_attributes": [],
          "private": "eyJlMmJmYjczMC1lY2FhLTExZTYtOGY4OC0zNDM2M2JjN2M0YzAiOnsiY3JlYXRlIjoxMjAwMDAwMDAwMDAwLCJkZWxldGUiOjEyMDAwMDAwMDAwMDAsInVwZGF0ZSI6MTIwMDAwMDAwMDAwMH19",
          "dependencies": [
            "google_compute_backend_bucket.backend_bucket",
            "google_storage_bucket.static_website_bucket"
          ]
        }
      ]
    },
    {
      "mode": "managed",
      "type": "google_container_cluster",
      "name": "primary",
      "provider": "provider[\"registry.terraform.io/hashicorp/google\"]",
      "instances": [
        {
          "schema_version": 1,
          "attributes": {
            "addons_config": [
              {
                "cloudrun_config": [],
                "config_connector_config": [],
                "dns_cache_config": [],
                "gce_persistent_disk_csi_driver_config": [
                  {
                    "enabled": true
                  }
                ],
                "gcp_filestore_csi_driver_config": [],
                "gke_backup_agent_config": [],
                "horizontal_pod_autoscaling": [],
                "http_load_balancing": [],
                "network_policy_config": [
                  {
                    "disabled": true
                  }
                ]
              }
            ],
            "authenticator_groups_config": [],
            "binary_authorization": [
              {
                "enabled": false,
                "evaluation_mode": ""
              }
            ],
            "cluster_autoscaling": [
              {
                "auto_provisioning_defaults": [],
                "enabled": false,
                "resource_limits": []
              }
            ],
            "cluster_ipv4_cidr": "10.2.0.0/16",
            "confidential_nodes": [],
            "cost_management_config": [],
            "database_encryption": [
              {
                "key_name": "",
                "state": "DECRYPTED"
              }
            ],
            "datapath_provider": "",
            "default_max_pods_per_node": 110,
            "default_snat_status": [
              {
                "disabled": false
              }
            ],
            "description": "",
            "dns_config": [],
            "enable_autopilot": false,
            "enable_binary_authorization": false,
            "enable_intranode_visibility": false,
            "enable_kubernetes_alpha": false,
            "enable_l4_ilb_subsetting": false,
            "enable_legacy_abac": false,
            "enable_shielded_nodes": true,
            "enable_tpu": false,
            "endpoint": "34.135.30.205",
            "gateway_api_config": [],
            "id": "projects/molten-unison-401314/locations/us-central1-c/clusters/terraform-backend-cluster",
            "initial_node_count": 1,
            "ip_allocation_policy": [
              {
                "cluster_ipv4_cidr_block": "10.2.0.0/16",
                "cluster_secondary_range_name": "gke-terraform-backend-cluster-pods-f35ac8e2",
                "services_ipv4_cidr_block": "10.3.0.0/20",
                "services_secondary_range_name": "gke-terraform-backend-cluster-services-f35ac8e2"
              }
            ],
            "label_fingerprint": "a9dc16a7",
            "location": "us-central1-c",
            "logging_config": [
              {
                "enable_components": [
                  "SYSTEM_COMPONENTS",
                  "WORKLOADS"
                ]
              }
            ],
            "logging_service": "logging.googleapis.com/kubernetes",
            "maintenance_policy": [],
            "master_auth": [
              {
                "client_certificate": "",
                "client_certificate_config": [
                  {
                    "issue_client_certificate": false
                  }
                ],
                "client_key": "",
                "cluster_ca_certificate": "LS0tLS1CRUdJTiBDRVJUSUZJQ0FURS0tLS0tCk1JSUVMVENDQXBXZ0F3SUJBZ0lSQU9Hd1NmQTRLZmdrUGJ1QjA1M0NKNGN3RFFZSktvWklodmNOQVFFTEJRQXcKTHpFdE1Dc0dBMVVFQXhNa1lqbGlOR1ExTmpNdE5qQmtOeTAwTldaaUxXRTFPREF0TlRjeVptVTFObUUzT0dRNApNQ0FYRFRJek1USXdPVEU1TURjeE5Wb1lEekl3TlRNeE1qQXhNakF3TnpFMVdqQXZNUzB3S3dZRFZRUURFeVJpCk9XSTBaRFUyTXkwMk1HUTNMVFExWm1JdFlUVTRNQzAxTnpKbVpUVTJZVGM0WkRnd2dnR2lNQTBHQ1NxR1NJYjMKRFFFQkFRVUFBNElCandBd2dnR0tBb0lCZ1FES2xLTGdjSEdEbHk2ZlhveThvZlZPeXA2V2ZLUEozb3dRQnNOTQpPNjVxT1FJanJEVWR4UjhYT0lVUFdIaWRtRXk5YVgvbFdITmdaanBKSTlOdVZCT2o1SEJ3YzFJd1ZIU29QUjd3Ck04T2pvN2k1aW9FZVdCcjN1Y29hVXpVZW5GUXJtem9IdnFydEordHk5empLSEhTMnhJNmJYZWVOWVd6ZWRPVjIKcDY0cmgwVzltVWhIZjk5RnozMUNwN25CSFplbk9sTEJENjdBMFZweTVtNVlxc05nblBVZExWaWdoTzFUSmxldQpYYlNnMjBwTy9Nb0RSVVBFbzBwd0NDcEJaQ2JCUlNIMGhHQU0wa1JtVFJXM09qcVdLajJjbWtKenBqbTJ4cUQvCkErSzJGMHN1T1dZNTVLMlUyM0hZTkppazl1S3BhU3p3M05Nb1JYQmg2WFpWL1NaMGJIK1M0RHE5Zkl3YVpXVGgKcmtLZjJQQ285bkFqTm0zQU9sa0x5bjhSUE5mUmpLRldFWDgwT2hrelFvY2xTaGdadno4aHFsUmE1RFZhMU9sSApsQnNBUktzb3dkRVhVRlFabjEzcDFvQlcvMFBRaTV1VjhyZDI5MU5DUFVPWFA1M1lWdll6WEZyd0M4NXJZdUJmClFId2tHM1hjSzR5RUZ3ZkRZdkluY0M1VVFwY0NBd0VBQWFOQ01FQXdEZ1lEVlIwUEFRSC9CQVFEQWdJRU1BOEcKQTFVZEV3RUIvd1FGTUFNQkFmOHdIUVlEVlIwT0JCWUVGRHB4WHkyeDlJNUt3VlZHbnZDMlBuSnFhZDI4TUEwRwpDU3FHU0liM0RRRUJDd1VBQTRJQmdRQ3B5QWRheWhyMDZWZG5LUlZueTYvQitiZHJUaHlYeDRYaUNoQ1B1WFRpCkE0MXVnVUcrQ0Q0aVNrc2U0QVJIZVJPOUcyMmVOa3dSM0hQbVFzV0dUVVQ4YVIxRm9SY2F6blZLdU1qaHdTRDAKdHd3a2g1RHNxUnZjeEsyc3p4Vk1uckttekI3dithYzJ0S1RlWW82cHJUQ3hocENTTzdpaTlyaVE2S05SNGRNMwpFV3lON3AvK0ZqekYrOS9yd005VWFPNDM5blkzc1o4R0hGSWw0MFQxQXY4TGZldUNPT2wwUFdyTzVlYVV5TEliClZCaGtNZkc4SG5pWWZ3VmtyclRrbXZqNVJETTd6cDhwd3VOT0dlV3J3czY0VDgxa01DSUtQWTB2Z0JQTEZSanAKTmVtQVNEZzBQMVo4SmtrR0ZBVmNzTkVlN0RuUE0zT2dBVUJ4VS9JSzZPRWQxMVNTajY5cTg4aWdpYmlkUmt2VAowU1JnelZGa3h1TGl4NmFTTFhVN1FhMjVhUDZiejV1SGkralpHZzZmajA0SHBGb3RUS2JFZlR4R3BYcW9oLy9pCk8rOHRQWUdjUE9PbXdiU0k2NjM4RDVIYlJTWjJxWTdSaHl6azlIZWRNLzRCOEpidG5HZ1pXZ1BtVk1tc21DaGwKZXhoTVNXa0Q2K0RyM3ozdnh1M0paMGc9Ci0tLS0tRU5EIENFUlRJRklDQVRFLS0tLS0K"
              }
            ],
            "master_authorized_networks_config": [],
            "master_version": "1.27.3-gke.100",
            "mesh_certificates": [],
            "min_master_version": null,
            "monitoring_config": [
              {
                "enable_components": [
                  "SYSTEM_COMPONENTS"
                ],
                "managed_prometheus": [
                  {
                    "enabled": true
                  }
                ]
              }
            ],
            "monitoring_service": "monitoring.googleapis.com/kubernetes",
            "name": "terraform-backend-cluster",
            "network": "projects/molten-unison-401314/global/networks/terraform-network",
            "network_policy": [
              {
                "enabled": false,
                "provider": "PROVIDER_UNSPECIFIED"
              }
            ],
            "networking_mode": "VPC_NATIVE",
            "node_config": [
              {
                "boot_disk_kms_key": "",
                "disk_size_gb": 100,
                "disk_type": "pd-balanced",
                "gcfs_config": [],
                "guest_accelerator": [],
                "gvnic": [],
                "image_type": "COS_CONTAINERD",
                "kubelet_config": [],
                "labels": {},
                "linux_node_config": [],
                "local_ssd_count": 0,
                "logging_variant": "DEFAULT",
                "machine_type": "e2-highcpu-4",
                "metadata": {
                  "disable-legacy-endpoints": "true"
                },
                "min_cpu_platform": "",
                "node_group": "",
                "oauth_scopes": [
                  "https://www.googleapis.com/auth/cloud-platform"
                ],
                "preemptible": true,
                "reservation_affinity": [],
                "resource_labels": {},
                "service_account": "535797381932-compute@developer.gserviceaccount.com",
                "shielded_instance_config": [
                  {
                    "enable_integrity_monitoring": true,
                    "enable_secure_boot": false
                  }
                ],
                "spot": false,
                "tags": [],
                "taint": [],
                "workload_metadata_config": []
              }
            ],
            "node_locations": [],
            "node_pool": [
              {
                "autoscaling": [],
                "initial_node_count": 1,
                "instance_group_urls": [
                  "https://www.googleapis.com/compute/v1/projects/molten-unison-401314/zones/us-central1-c/instanceGroupManagers/gke-terraform-backen-terraform-node-p-5f409a6d-grp"
                ],
                "managed_instance_group_urls": [
                  "https://www.googleapis.com/compute/v1/projects/molten-unison-401314/zones/us-central1-c/instanceGroups/gke-terraform-backen-terraform-node-p-5f409a6d-grp"
                ],
                "management": [
                  {
                    "auto_repair": true,
                    "auto_upgrade": true
                  }
                ],
                "max_pods_per_node": 110,
                "name": "terraform-node-pool",
                "name_prefix": "",
                "network_config": [
                  {
                    "create_pod_range": false,
                    "enable_private_nodes": false,
                    "pod_ipv4_cidr_block": "10.2.0.0/16",
                    "pod_range": "gke-terraform-backend-cluster-pods-f35ac8e2"
                  }
                ],
                "node_config": [
                  {
                    "boot_disk_kms_key": "",
                    "disk_size_gb": 100,
                    "disk_type": "pd-balanced",
                    "gcfs_config": [],
                    "guest_accelerator": [],
                    "gvnic": [],
                    "image_type": "COS_CONTAINERD",
                    "kubelet_config": [],
                    "labels": {},
                    "linux_node_config": [],
                    "local_ssd_count": 0,
                    "logging_variant": "DEFAULT",
                    "machine_type": "e2-highcpu-4",
                    "metadata": {
                      "disable-legacy-endpoints": "true"
                    },
                    "min_cpu_platform": "",
                    "node_group": "",
                    "oauth_scopes": [
                      "https://www.googleapis.com/auth/cloud-platform"
                    ],
                    "preemptible": true,
                    "reservation_affinity": [],
                    "resource_labels": {},
                    "service_account": "535797381932-compute@developer.gserviceaccount.com",
                    "shielded_instance_config": [
                      {
                        "enable_integrity_monitoring": true,
                        "enable_secure_boot": false
                      }
                    ],
                    "spot": false,
                    "tags": [],
                    "taint": [],
                    "workload_metadata_config": []
                  }
                ],
                "node_count": 1,
                "node_locations": [
                  "us-central1-c"
                ],
                "placement_policy": [],
                "upgrade_settings": [
                  {
                    "blue_green_settings": [],
                    "max_surge": 1,
                    "max_unavailable": 0,
                    "strategy": "SURGE"
                  }
                ],
                "version": "1.27.3-gke.100"
              }
            ],
            "node_pool_defaults": [
              {
                "node_config_defaults": [
                  {
                    "logging_variant": "DEFAULT"
                  }
                ]
              }
            ],
            "node_version": "1.27.3-gke.100",
            "notification_config": [
              {
                "pubsub": [
                  {
                    "enabled": false,
                    "filter": [],
                    "topic": ""
                  }
                ]
              }
            ],
            "operation": null,
            "private_cluster_config": [
              {
                "enable_private_endpoint": false,
                "enable_private_nodes": false,
                "master_global_access_config": [
                  {
                    "enabled": false
                  }
                ],
                "master_ipv4_cidr_block": "",
                "peering_name": "",
                "private_endpoint": "10.0.0.2",
                "private_endpoint_subnetwork": "",
                "public_endpoint": "34.135.30.205"
              }
            ],
            "private_ipv6_google_access": "",
            "project": "molten-unison-401314",
            "release_channel": [
              {
                "channel": "REGULAR"
              }
            ],
            "remove_default_node_pool": true,
            "resource_labels": {},
            "resource_usage_export_config": [],
            "self_link": "https://container.googleapis.com/v1/projects/molten-unison-401314/zones/us-central1-c/clusters/terraform-backend-cluster",
            "service_external_ips_config": [
              {
                "enabled": false
              }
            ],
            "services_ipv4_cidr": "10.3.0.0/20",
            "subnetwork": "projects/molten-unison-401314/regions/us-central1/subnetworks/terraform-subnetwork",
            "timeouts": null,
            "tpu_ipv4_cidr_block": "",
            "vertical_pod_autoscaling": [],
            "workload_identity_config": []
          },
          "sensitive_attributes": [],
          "private": "eyJlMmJmYjczMC1lY2FhLTExZTYtOGY4OC0zNDM2M2JjN2M0YzAiOnsiY3JlYXRlIjoyNDAwMDAwMDAwMDAwLCJkZWxldGUiOjI0MDAwMDAwMDAwMDAsInJlYWQiOjI0MDAwMDAwMDAwMDAsInVwZGF0ZSI6MzYwMDAwMDAwMDAwMH0sInNjaGVtYV92ZXJzaW9uIjoiMSJ9",
          "dependencies": [
            "google_compute_network.vpc_network",
            "google_compute_subnetwork.my_subnetwork"
          ]
        }
      ]
    },
    {
      "mode": "managed",
      "type": "google_container_node_pool",
      "name": "primary_preemptible_nodes",
      "provider": "provider[\"registry.terraform.io/hashicorp/google\"]",
      "instances": [
        {
          "schema_version": 1,
          "attributes": {
            "autoscaling": [],
            "cluster": "terraform-backend-cluster",
            "id": "projects/molten-unison-401314/locations/us-central1-c/clusters/terraform-backend-cluster/nodePools/terraform-node-pool",
            "initial_node_count": 1,
            "instance_group_urls": [
              "https://www.googleapis.com/compute/v1/projects/molten-unison-401314/zones/us-central1-c/instanceGroupManagers/gke-terraform-backen-terraform-node-p-5f409a6d-grp"
            ],
            "location": "us-central1-c",
            "managed_instance_group_urls": [
              "https://www.googleapis.com/compute/v1/projects/molten-unison-401314/zones/us-central1-c/instanceGroups/gke-terraform-backen-terraform-node-p-5f409a6d-grp"
            ],
            "management": [
              {
                "auto_repair": true,
                "auto_upgrade": true
              }
            ],
            "max_pods_per_node": 110,
            "name": "terraform-node-pool",
            "name_prefix": "",
            "network_config": [
              {
                "create_pod_range": false,
                "enable_private_nodes": false,
                "pod_ipv4_cidr_block": "10.2.0.0/16",
                "pod_range": "gke-terraform-backend-cluster-pods-f35ac8e2"
              }
            ],
            "node_config": [
              {
                "boot_disk_kms_key": "",
                "disk_size_gb": 100,
                "disk_type": "pd-balanced",
                "gcfs_config": [],
                "guest_accelerator": [],
                "gvnic": [],
                "image_type": "COS_CONTAINERD",
                "kubelet_config": [],
                "labels": {},
                "linux_node_config": [],
                "local_ssd_count": 0,
                "logging_variant": "DEFAULT",
                "machine_type": "e2-highcpu-4",
                "metadata": {
                  "disable-legacy-endpoints": "true"
                },
                "min_cpu_platform": "",
                "node_group": "",
                "oauth_scopes": [
                  "https://www.googleapis.com/auth/cloud-platform"
                ],
                "preemptible": true,
                "reservation_affinity": [],
                "resource_labels": {},
                "service_account": "535797381932-compute@developer.gserviceaccount.com",
                "shielded_instance_config": [
                  {
                    "enable_integrity_monitoring": true,
                    "enable_secure_boot": false
                  }
                ],
                "spot": false,
                "tags": [],
                "taint": [],
                "workload_metadata_config": []
              }
            ],
            "node_count": 1,
            "node_locations": [
              "us-central1-c"
            ],
            "operation": null,
            "placement_policy": [],
            "project": "molten-unison-401314",
            "timeouts": null,
            "upgrade_settings": [
              {
                "blue_green_settings": [],
                "max_surge": 1,
                "max_unavailable": 0,
                "strategy": "SURGE"
              }
            ],
            "version": "1.27.3-gke.100"
          },
          "sensitive_attributes": [],
          "private": "eyJlMmJmYjczMC1lY2FhLTExZTYtOGY4OC0zNDM2M2JjN2M0YzAiOnsiY3JlYXRlIjoxODAwMDAwMDAwMDAwLCJkZWxldGUiOjE4MDAwMDAwMDAwMDAsInVwZGF0ZSI6MTgwMDAwMDAwMDAwMH0sInNjaGVtYV92ZXJzaW9uIjoiMSJ9",
          "dependencies": [
            "google_compute_network.vpc_network",
            "google_compute_subnetwork.my_subnetwork",
            "google_container_cluster.primary"
          ]
        }
      ]
    },
    {
      "mode": "managed",
      "type": "google_dns_record_set",
      "name": "frontend",
      "provider": "provider[\"registry.terraform.io/hashicorp/google\"]",
      "instances": [
        {
          "schema_version": 0,
          "attributes": {
            "id": "projects/molten-unison-401314/managedZones/tariq-zona/rrsets/frontend.tariq-trainee.store./A",
            "managed_zone": "tariq-zona",
            "name": "frontend.tariq-trainee.store.",
            "project": "molten-unison-401314",
            "routing_policy": [],
            "rrdatas": [
              "35.244.209.15"
            ],
            "ttl": 300,
            "type": "A"
          },
          "sensitive_attributes": [],
          "private": "bnVsbA==",
          "dependencies": [
            "google_compute_global_address.vue_ip_lb"
          ]
        }
      ]
    },
    {
      "mode": "managed",
      "type": "google_service_networking_connection",
      "name": "terrafom_connection",
      "provider": "provider[\"registry.terraform.io/hashicorp/google\"]",
      "instances": [
        {
          "schema_version": 0,
          "attributes": {
            "id": "https%3A%2F%2Fwww.googleapis.com%2Fcompute%2Fv1%2Fprojects%2Fmolten-unison-401314%2Fglobal%2Fnetworks%2Fterraform-network:servicenetworking.googleapis.com",
            "network": "https://www.googleapis.com/compute/v1/projects/molten-unison-401314/global/networks/terraform-network",
            "peering": "servicenetworking-googleapis-com",
            "reserved_peering_ranges": [
              "private-ip-address"
            ],
            "service": "servicenetworking.googleapis.com",
            "timeouts": null
          },
          "sensitive_attributes": [],
          "private": "eyJlMmJmYjczMC1lY2FhLTExZTYtOGY4OC0zNDM2M2JjN2M0YzAiOnsiY3JlYXRlIjo2MDAwMDAwMDAwMDAsImRlbGV0ZSI6NjAwMDAwMDAwMDAwLCJ1cGRhdGUiOjYwMDAwMDAwMDAwMH19",
          "dependencies": [
            "google_compute_global_address.private_ip_address",
            "google_compute_network.vpc_network"
          ]
        }
      ]
    },
    {
      "mode": "managed",
      "type": "google_sql_database",
      "name": "backend_database",
      "provider": "provider[\"registry.terraform.io/hashicorp/google\"]",
      "instances": [
        {
          "schema_version": 0,
          "attributes": {
            "charset": "utf8mb4",
            "collation": "utf8mb4_0900_ai_ci",
            "deletion_policy": "DELETE",
            "id": "projects/molten-unison-401314/instances/mysql-terraform/databases/terraform-db-backend",
            "instance": "mysql-terraform",
            "name": "terraform-db-backend",
            "project": "molten-unison-401314",
            "self_link": "https://sqladmin.googleapis.com/sql/v1beta4/projects/molten-unison-401314/instances/mysql-terraform/databases/terraform-db-backend",
            "timeouts": null
          },
          "sensitive_attributes": [],
          "private": "eyJlMmJmYjczMC1lY2FhLTExZTYtOGY4OC0zNDM2M2JjN2M0YzAiOnsiY3JlYXRlIjoxMjAwMDAwMDAwMDAwLCJkZWxldGUiOjEyMDAwMDAwMDAwMDAsInVwZGF0ZSI6MTIwMDAwMDAwMDAwMH19",
          "dependencies": [
            "google_compute_global_address.private_ip_address",
            "google_compute_network.vpc_network",
            "google_service_networking_connection.terrafom_connection",
            "google_sql_database_instance.instance"
          ]
        }
      ]
    },
    {
      "mode": "managed",
      "type": "google_sql_database_instance",
      "name": "instance",
      "provider": "provider[\"registry.terraform.io/hashicorp/google\"]",
      "instances": [
        {
          "schema_version": 0,
          "attributes": {
            "available_maintenance_versions": [],
            "clone": [],
            "connection_name": "molten-unison-401314:us-central1:mysql-terraform",
            "database_version": "MYSQL_8_0",
            "deletion_protection": false,
            "encryption_key_name": null,
            "first_ip_address": "10.110.0.3",
            "id": "mysql-terraform",
            "instance_type": "CLOUD_SQL_INSTANCE",
            "ip_address": [
              {
                "ip_address": "10.110.0.3",
                "time_to_retire": "",
                "type": "PRIVATE"
              }
            ],
            "maintenance_version": "MYSQL_8_0_31.R20231105.01_00",
            "master_instance_name": "",
            "name": "mysql-terraform",
            "private_ip_address": "10.110.0.3",
            "project": "molten-unison-401314",
            "public_ip_address": "",
            "region": "us-central1",
            "replica_configuration": [],
            "restore_backup_context": [],
            "root_password": null,
            "self_link": "https://sqladmin.googleapis.com/sql/v1beta4/projects/molten-unison-401314/instances/mysql-terraform",
            "server_ca_cert": [
              {
                "cert": "-----BEGIN CERTIFICATE-----\nMIIDfzCCAmegAwIBAgIBADANBgkqhkiG9w0BAQsFADB3MS0wKwYDVQQuEyQxNDA1\nYzI0Yy1iMDMxLTQwOWYtYTY2Yi02MDkyMWVlNmNlMzMxIzAhBgNVBAMTGkdvb2ds\nZSBDbG91ZCBTUUwgU2VydmVyIENBMRQwEgYDVQQKEwtHb29nbGUsIEluYzELMAkG\nA1UEBhMCVVMwHhcNMjMxMjA5MTk1NDMyWhcNMzMxMjA2MTk1NTMyWjB3MS0wKwYD\nVQQuEyQxNDA1YzI0Yy1iMDMxLTQwOWYtYTY2Yi02MDkyMWVlNmNlMzMxIzAhBgNV\nBAMTGkdvb2dsZSBDbG91ZCBTUUwgU2VydmVyIENBMRQwEgYDVQQKEwtHb29nbGUs\nIEluYzELMAkGA1UEBhMCVVMwggEiMA0GCSqGSIb3DQEBAQUAA4IBDwAwggEKAoIB\nAQC/qdRoDC3tb1RbW+Q0XEefIyERxieEyIvEfgipPA8o6YBMZHlfw8t554m98Hyv\nSYIbBcFkhYlMMvZco6lnAVIXyOLb2GLQv5Pjuwkxi0X4tG2w/4FLhW/b1ya4FWrs\nq0SENlztFNzJ3JIekpK8W6k5gT0wk1hhR5naXyYua1Z2kwDbPEPBwFd3nLOmRrgc\nZqhRl7746lK+cwr2jkTGaEFtUCB4OajRSytcqJ6J5G/lJ3jvQ4zAMHosqQbnsKuc\n3l4wnq2QFa6NEAc8+G2G0B5zz8VMksfZ2Dt9MV5w91BGdrvwabdvrG77H2t8qVuK\nmwS835LliCDk8EtQ/3NYrCt9AgMBAAGjFjAUMBIGA1UdEwEB/wQIMAYBAf8CAQAw\nDQYJKoZIhvcNAQELBQADggEBAJY/UOyNAqAc746V8RUCrf32YLC8iKsz0/lDpVbv\nVM6l8Cf5z/9DHC+2b5IcBxvRuGcia+ML9j1/G6FSOguJhbPtQWqgTmf25yEfQ3S6\nzMgwGCZc9bhEIaC/81F+KaYolps/jE2S9GKefY7sHicv6n6YLMMxrfhXfDAvsUJ9\n38OEHD13Y4VkWGFVTc5gKAP3HLemVFMKSHgtE+Tm3mfmU7eiBDLVpzARMFtbsB4p\n0R0RqaKI5mwgO6O4vQWmfMz1y7xClNUUG1AaErnKLZT324UprygQVp+B+hArg5vK\nJImijuXGFv0WGf0NqEf2heGguLV2GIvYJa2GXeO5h8aPynA=\n-----END CERTIFICATE-----",
                "common_name": "C=US,O=Google\\, Inc,CN=Google Cloud SQL Server CA,dnQualifier=1405c24c-b031-409f-a66b-60921ee6ce33",
                "create_time": "2023-12-09T19:54:32.321Z",
                "expiration_time": "2033-12-06T19:55:32.321Z",
                "sha1_fingerprint": "4526cc1ec3712f9e2c68db784f37267b3a99c2ef"
              }
            ],
            "service_account_email_address": "p535797381932-6kr564@gcp-sa-cloud-sql.iam.gserviceaccount.com",
            "settings": [
              {
                "activation_policy": "ALWAYS",
                "active_directory_config": [],
                "availability_type": "ZONAL",
                "backup_configuration": [
                  {
                    "backup_retention_settings": [
                      {
                        "retained_backups": 7,
                        "retention_unit": "COUNT"
                      }
                    ],
                    "binary_log_enabled": false,
                    "enabled": false,
                    "location": "",
                    "point_in_time_recovery_enabled": false,
                    "start_time": "18:00",
                    "transaction_log_retention_days": 7
                  }
                ],
                "collation": "",
                "connector_enforcement": "NOT_REQUIRED",
                "database_flags": [],
                "deletion_protection_enabled": false,
                "deny_maintenance_period": [],
                "disk_autoresize": true,
                "disk_autoresize_limit": 0,
                "disk_size": 10,
                "disk_type": "PD_SSD",
                "insights_config": [],
                "ip_configuration": [
                  {
                    "allocated_ip_range": "",
                    "authorized_networks": [],
                    "ipv4_enabled": false,
                    "private_network": "projects/molten-unison-401314/global/networks/terraform-network",
                    "require_ssl": false
                  }
                ],
                "location_preference": [
                  {
                    "follow_gae_application": "",
                    "secondary_zone": "",
                    "zone": "us-central1-f"
                  }
                ],
                "maintenance_window": [],
                "password_validation_policy": [],
                "pricing_plan": "PER_USE",
                "sql_server_audit_config": [],
                "tier": "db-f1-micro",
                "time_zone": "",
                "user_labels": {},
                "version": 1
              }
            ],
            "timeouts": null
          },
          "sensitive_attributes": [],
          "private": "eyJlMmJmYjczMC1lY2FhLTExZTYtOGY4OC0zNDM2M2JjN2M0YzAiOnsiY3JlYXRlIjoyNDAwMDAwMDAwMDAwLCJkZWxldGUiOjE4MDAwMDAwMDAwMDAsInVwZGF0ZSI6MTgwMDAwMDAwMDAwMH19",
          "dependencies": [
            "google_compute_global_address.private_ip_address",
            "google_compute_network.vpc_network",
            "google_service_networking_connection.terrafom_connection"
          ]
        }
      ]
    },
    {
      "mode": "managed",
      "type": "google_sql_user",
      "name": "users",
      "provider": "provider[\"registry.terraform.io/hashicorp/google\"]",
      "instances": [
        {
          "schema_version": 1,
          "attributes": {
            "deletion_policy": null,
            "host": "%",
            "id": "root/%/mysql-terraform",
            "instance": "mysql-terraform",
            "name": "root",
            "password": "12345678",
            "password_policy": [],
            "project": "molten-unison-401314",
            "sql_server_user_details": [],
            "timeouts": null,
            "type": ""
          },
          "sensitive_attributes": [],
          "private": "eyJlMmJmYjczMC1lY2FhLTExZTYtOGY4OC0zNDM2M2JjN2M0YzAiOnsiY3JlYXRlIjo2MDAwMDAwMDAwMDAsImRlbGV0ZSI6NjAwMDAwMDAwMDAwLCJ1cGRhdGUiOjYwMDAwMDAwMDAwMH0sInNjaGVtYV92ZXJzaW9uIjoiMSJ9",
          "dependencies": [
            "google_compute_global_address.private_ip_address",
            "google_compute_network.vpc_network",
            "google_service_networking_connection.terrafom_connection",
            "google_sql_database_instance.instance"
          ]
        }
      ]
    },
    {
      "mode": "managed",
      "type": "google_storage_bucket",
      "name": "static_website_bucket",
      "provider": "provider[\"registry.terraform.io/hashicorp/google\"]",
      "instances": [
        {
          "schema_version": 0,
          "attributes": {
            "autoclass": [],
            "cors": [],
            "custom_placement_config": [],
            "default_event_based_hold": false,
            "encryption": [],
            "force_destroy": true,
            "id": "terraform-frontend-bucket",
            "labels": {},
            "lifecycle_rule": [],
            "location": "US-CENTRAL1",
            "logging": [],
            "name": "terraform-frontend-bucket",
            "project": "molten-unison-401314",
            "public_access_prevention": "inherited",
            "requester_pays": false,
            "retention_policy": [],
            "self_link": "https://www.googleapis.com/storage/v1/b/terraform-frontend-bucket",
            "storage_class": "STANDARD",
            "timeouts": null,
            "uniform_bucket_level_access": false,
            "url": "gs://terraform-frontend-bucket",
            "versioning": [],
            "website": [
              {
                "main_page_suffix": "index.html",
                "not_found_page": "404.html"
              }
            ]
          },
          "sensitive_attributes": [],
          "private": "eyJlMmJmYjczMC1lY2FhLTExZTYtOGY4OC0zNDM2M2JjN2M0YzAiOnsiY3JlYXRlIjoyNDAwMDAwMDAwMDAsInJlYWQiOjI0MDAwMDAwMDAwMCwidXBkYXRlIjoyNDAwMDAwMDAwMDB9fQ=="
        }
      ]
    },
    {
      "mode": "managed",
      "type": "google_storage_bucket_acl",
      "name": "public_access",
      "provider": "provider[\"registry.terraform.io/hashicorp/google\"]",
      "instances": [
        {
          "schema_version": 0,
          "attributes": {
            "bucket": "terraform-frontend-bucket",
            "default_acl": null,
            "id": "terraform-frontend-bucket-acl",
            "predefined_acl": "publicread",
            "role_entity": []
          },
          "sensitive_attributes": [],
          "private": "bnVsbA==",
          "dependencies": [
            "google_storage_bucket.static_website_bucket"
          ]
        }
      ]
    },
    {
      "mode": "managed",
      "type": "google_storage_bucket_iam_member",
      "name": "member",
      "provider": "provider[\"registry.terraform.io/hashicorp/google\"]",
      "instances": [
        {
          "schema_version": 0,
          "attributes": {
            "bucket": "b/terraform-frontend-bucket",
            "condition": [],
            "etag": "CAM=",
            "id": "b/terraform-frontend-bucket/roles/storage.objectViewer/allUsers",
            "member": "allUsers",
            "role": "roles/storage.objectViewer"
          },
          "sensitive_attributes": [],
          "private": "bnVsbA==",
          "dependencies": [
            "google_storage_bucket.static_website_bucket"
          ]
        }
      ]
    },
    {
      "mode": "managed",
      "type": "google_storage_bucket_object",
      "name": "static_files",
      "provider": "provider[\"registry.terraform.io/hashicorp/google\"]",
      "instances": [
        {
          "index_key": "favicon.ico",
          "schema_version": 0,
          "attributes": {
            "bucket": "terraform-frontend-bucket",
            "cache_control": "",
            "content": null,
            "content_disposition": "",
            "content_encoding": "",
            "content_language": "",
            "content_type": "image/x-icon",
            "crc32c": "3pkINA==",
            "customer_encryption": [],
            "detect_md5hash": "G6KucQ2SfxPUg/1dHlSMmw==",
            "event_based_hold": false,
            "id": "terraform-frontend-bucket-favicon.ico",
            "kms_key_name": "",
            "md5hash": "G6KucQ2SfxPUg/1dHlSMmw==",
            "media_link": "https://storage.googleapis.com/download/storage/v1/b/terraform-frontend-bucket/o/favicon.ico?generation=1702151528219842\u0026alt=media",
            "metadata": {},
            "name": "favicon.ico",
            "output_name": "favicon.ico",
            "self_link": "https://www.googleapis.com/storage/v1/b/terraform-frontend-bucket/o/favicon.ico",
            "source": "./dist/favicon.ico",
            "storage_class": "STANDARD",
            "temporary_hold": false,
            "timeouts": null
          },
          "sensitive_attributes": [],
          "private": "eyJlMmJmYjczMC1lY2FhLTExZTYtOGY4OC0zNDM2M2JjN2M0YzAiOnsiY3JlYXRlIjoyNDAwMDAwMDAwMDAsImRlbGV0ZSI6MjQwMDAwMDAwMDAwLCJ1cGRhdGUiOjI0MDAwMDAwMDAwMH19",
          "dependencies": [
            "google_storage_bucket.static_website_bucket"
          ]
        },
        {
          "index_key": "index.html",
          "schema_version": 0,
          "attributes": {
            "bucket": "terraform-frontend-bucket",
            "cache_control": "",
            "content": null,
            "content_disposition": "",
            "content_encoding": "",
            "content_language": "",
            "content_type": "text/html; charset=utf-8",
            "crc32c": "LPgXyA==",
            "customer_encryption": [],
            "detect_md5hash": "AGJO/dJ/xHHfQtedjFVStQ==",
            "event_based_hold": false,
            "id": "terraform-frontend-bucket-index.html",
            "kms_key_name": "",
            "md5hash": "AGJO/dJ/xHHfQtedjFVStQ==",
            "media_link": "https://storage.googleapis.com/download/storage/v1/b/terraform-frontend-bucket/o/index.html?generation=1702151528219731\u0026alt=media",
            "metadata": {},
            "name": "index.html",
            "output_name": "index.html",
            "self_link": "https://www.googleapis.com/storage/v1/b/terraform-frontend-bucket/o/index.html",
            "source": "./dist/index.html",
            "storage_class": "STANDARD",
            "temporary_hold": false,
            "timeouts": null
          },
          "sensitive_attributes": [],
          "private": "eyJlMmJmYjczMC1lY2FhLTExZTYtOGY4OC0zNDM2M2JjN2M0YzAiOnsiY3JlYXRlIjoyNDAwMDAwMDAwMDAsImRlbGV0ZSI6MjQwMDAwMDAwMDAwLCJ1cGRhdGUiOjI0MDAwMDAwMDAwMH19",
          "dependencies": [
            "google_storage_bucket.static_website_bucket"
          ]
        },
        {
          "index_key": "terraform-frontend-bucket/js/app.a197efd7.js",
          "schema_version": 0,
          "attributes": {
            "bucket": "terraform-frontend-bucket",
            "cache_control": "",
            "content": null,
            "content_disposition": "",
            "content_encoding": "",
            "content_language": "",
            "content_type": "text/plain; charset=utf-8",
            "crc32c": "3vNKxA==",
            "customer_encryption": [],
            "detect_md5hash": "ipnWU8MA0y+jB9v810QrdA==",
            "event_based_hold": false,
            "id": "terraform-frontend-bucket-terraform-frontend-bucket/js/app.a197efd7.js",
            "kms_key_name": "",
            "md5hash": "ipnWU8MA0y+jB9v810QrdA==",
            "media_link": "https://storage.googleapis.com/download/storage/v1/b/terraform-frontend-bucket/o/terraform-frontend-bucket%2Fjs%2Fapp.a197efd7.js?generation=1702151528616092\u0026alt=media",
            "metadata": {},
            "name": "terraform-frontend-bucket/js/app.a197efd7.js",
            "output_name": "terraform-frontend-bucket/js/app.a197efd7.js",
            "self_link": "https://www.googleapis.com/storage/v1/b/terraform-frontend-bucket/o/terraform-frontend-bucket%2Fjs%2Fapp.a197efd7.js",
            "source": "./dist/terraform-frontend-bucket/js/app.a197efd7.js",
            "storage_class": "STANDARD",
            "temporary_hold": false,
            "timeouts": null
          },
          "sensitive_attributes": [],
          "private": "eyJlMmJmYjczMC1lY2FhLTExZTYtOGY4OC0zNDM2M2JjN2M0YzAiOnsiY3JlYXRlIjoyNDAwMDAwMDAwMDAsImRlbGV0ZSI6MjQwMDAwMDAwMDAwLCJ1cGRhdGUiOjI0MDAwMDAwMDAwMH19",
          "dependencies": [
            "google_storage_bucket.static_website_bucket"
          ]
        },
        {
          "index_key": "terraform-frontend-bucket/js/app.a197efd7.js.map",
          "schema_version": 0,
          "attributes": {
            "bucket": "terraform-frontend-bucket",
            "cache_control": "",
            "content": null,
            "content_disposition": "",
            "content_encoding": "",
            "content_language": "",
            "content_type": "text/plain; charset=utf-8",
            "crc32c": "mNV2Tw==",
            "customer_encryption": [],
            "detect_md5hash": "XP6IOAjtMbf7ZAPGjzlMeg==",
            "event_based_hold": false,
            "id": "terraform-frontend-bucket-terraform-frontend-bucket/js/app.a197efd7.js.map",
            "kms_key_name": "",
            "md5hash": "XP6IOAjtMbf7ZAPGjzlMeg==",
            "media_link": "https://storage.googleapis.com/download/storage/v1/b/terraform-frontend-bucket/o/terraform-frontend-bucket%2Fjs%2Fapp.a197efd7.js.map?generation=1702151528221822\u0026alt=media",
            "metadata": {},
            "name": "terraform-frontend-bucket/js/app.a197efd7.js.map",
            "output_name": "terraform-frontend-bucket/js/app.a197efd7.js.map",
            "self_link": "https://www.googleapis.com/storage/v1/b/terraform-frontend-bucket/o/terraform-frontend-bucket%2Fjs%2Fapp.a197efd7.js.map",
            "source": "./dist/terraform-frontend-bucket/js/app.a197efd7.js.map",
            "storage_class": "STANDARD",
            "temporary_hold": false,
            "timeouts": null
          },
          "sensitive_attributes": [],
          "private": "eyJlMmJmYjczMC1lY2FhLTExZTYtOGY4OC0zNDM2M2JjN2M0YzAiOnsiY3JlYXRlIjoyNDAwMDAwMDAwMDAsImRlbGV0ZSI6MjQwMDAwMDAwMDAwLCJ1cGRhdGUiOjI0MDAwMDAwMDAwMH19",
          "dependencies": [
            "google_storage_bucket.static_website_bucket"
          ]
        },
        {
          "index_key": "terraform-frontend-bucket/js/chunk-vendors.c257ec4b.js",
          "schema_version": 0,
          "attributes": {
            "bucket": "terraform-frontend-bucket",
            "cache_control": "",
            "content": null,
            "content_disposition": "",
            "content_encoding": "",
            "content_language": "",
            "content_type": "text/plain; charset=utf-8",
            "crc32c": "IOcGWQ==",
            "customer_encryption": [],
            "detect_md5hash": "OxcevmcRYayfmvxkmeUKAA==",
            "event_based_hold": false,
            "id": "terraform-frontend-bucket-terraform-frontend-bucket/js/chunk-vendors.c257ec4b.js",
            "kms_key_name": "",
            "md5hash": "OxcevmcRYayfmvxkmeUKAA==",
            "media_link": "https://storage.googleapis.com/download/storage/v1/b/terraform-frontend-bucket/o/terraform-frontend-bucket%2Fjs%2Fchunk-vendors.c257ec4b.js?generation=1702151528323819\u0026alt=media",
            "metadata": {},
            "name": "terraform-frontend-bucket/js/chunk-vendors.c257ec4b.js",
            "output_name": "terraform-frontend-bucket/js/chunk-vendors.c257ec4b.js",
            "self_link": "https://www.googleapis.com/storage/v1/b/terraform-frontend-bucket/o/terraform-frontend-bucket%2Fjs%2Fchunk-vendors.c257ec4b.js",
            "source": "./dist/terraform-frontend-bucket/js/chunk-vendors.c257ec4b.js",
            "storage_class": "STANDARD",
            "temporary_hold": false,
            "timeouts": null
          },
          "sensitive_attributes": [],
          "private": "eyJlMmJmYjczMC1lY2FhLTExZTYtOGY4OC0zNDM2M2JjN2M0YzAiOnsiY3JlYXRlIjoyNDAwMDAwMDAwMDAsImRlbGV0ZSI6MjQwMDAwMDAwMDAwLCJ1cGRhdGUiOjI0MDAwMDAwMDAwMH19",
          "dependencies": [
            "google_storage_bucket.static_website_bucket"
          ]
        },
        {
          "index_key": "terraform-frontend-bucket/js/chunk-vendors.c257ec4b.js.map",
          "schema_version": 0,
          "attributes": {
            "bucket": "terraform-frontend-bucket",
            "cache_control": "",
            "content": null,
            "content_disposition": "",
            "content_encoding": "",
            "content_language": "",
            "content_type": "text/plain; charset=utf-8",
            "crc32c": "4EDEHw==",
            "customer_encryption": [],
            "detect_md5hash": "sfEictXAkojoiKqWQW1GpQ==",
            "event_based_hold": false,
            "id": "terraform-frontend-bucket-terraform-frontend-bucket/js/chunk-vendors.c257ec4b.js.map",
            "kms_key_name": "",
            "md5hash": "sfEictXAkojoiKqWQW1GpQ==",
            "media_link": "https://storage.googleapis.com/download/storage/v1/b/terraform-frontend-bucket/o/terraform-frontend-bucket%2Fjs%2Fchunk-vendors.c257ec4b.js.map?generation=1702151528716268\u0026alt=media",
            "metadata": {},
            "name": "terraform-frontend-bucket/js/chunk-vendors.c257ec4b.js.map",
            "output_name": "terraform-frontend-bucket/js/chunk-vendors.c257ec4b.js.map",
            "self_link": "https://www.googleapis.com/storage/v1/b/terraform-frontend-bucket/o/terraform-frontend-bucket%2Fjs%2Fchunk-vendors.c257ec4b.js.map",
            "source": "./dist/terraform-frontend-bucket/js/chunk-vendors.c257ec4b.js.map",
            "storage_class": "STANDARD",
            "temporary_hold": false,
            "timeouts": null
          },
          "sensitive_attributes": [],
          "private": "eyJlMmJmYjczMC1lY2FhLTExZTYtOGY4OC0zNDM2M2JjN2M0YzAiOnsiY3JlYXRlIjoyNDAwMDAwMDAwMDAsImRlbGV0ZSI6MjQwMDAwMDAwMDAwLCJ1cGRhdGUiOjI0MDAwMDAwMDAwMH19",
          "dependencies": [
            "google_storage_bucket.static_website_bucket"
          ]
        }
      ]
    },
    {
      "mode": "managed",
      "type": "helm_release",
      "name": "cert_manager",
      "provider": "provider[\"registry.terraform.io/hashicorp/helm\"]",
      "instances": [
        {
          "schema_version": 1,
          "attributes": {
            "atomic": false,
            "chart": "./cert-manager/cert-manager-v1.13.2.tgz",
            "cleanup_on_fail": false,
            "create_namespace": false,
            "dependency_update": false,
            "description": null,
            "devel": null,
            "disable_crd_hooks": false,
            "disable_openapi_validation": false,
            "disable_webhooks": false,
            "force_update": false,
            "id": "cert-manager",
            "keyring": null,
            "lint": false,
            "manifest": null,
            "max_history": 0,
            "metadata": [
              {
                "app_version": "v1.13.2",
                "chart": "cert-manager",
                "name": "cert-manager",
                "namespace": "cert-manager",
                "revision": 1,
                "values": "{\"installCRDs\":true}",
                "version": "v1.13.2"
              }
            ],
            "name": "cert-manager",
            "namespace": "cert-manager",
            "pass_credentials": false,
            "postrender": [],
            "recreate_pods": false,
            "render_subchart_notes": true,
            "replace": false,
            "repository": null,
            "repository_ca_file": null,
            "repository_cert_file": null,
            "repository_key_file": null,
            "repository_password": null,
            "repository_username": null,
            "reset_values": false,
            "reuse_values": false,
            "set": [
              {
                "name": "installCRDs",
                "type": "",
                "value": "true"
              }
            ],
            "set_list": [],
            "set_sensitive": [],
            "skip_crds": false,
            "status": "deployed",
            "timeout": 300,
            "values": null,
            "verify": false,
            "version": "v1.13.2",
            "wait": true,
            "wait_for_jobs": false
          },
          "sensitive_attributes": [],
          "private": "eyJzY2hlbWFfdmVyc2lvbiI6IjEifQ==",
          "dependencies": [
            "data.google_client_config.default",
            "google_compute_network.vpc_network",
            "google_compute_subnetwork.my_subnetwork",
            "google_container_cluster.primary"
          ]
        }
      ]
    },
    {
      "mode": "managed",
      "type": "helm_release",
      "name": "ingress_nginx",
      "provider": "provider[\"registry.terraform.io/hashicorp/helm\"]",
      "instances": [
        {
          "schema_version": 1,
          "attributes": {
            "atomic": false,
            "chart": "ingress-nginx",
            "cleanup_on_fail": false,
            "create_namespace": false,
            "dependency_update": false,
            "description": null,
            "devel": null,
            "disable_crd_hooks": false,
            "disable_openapi_validation": false,
            "disable_webhooks": false,
            "force_update": false,
            "id": "ingress-nginx",
            "keyring": null,
            "lint": false,
            "manifest": null,
            "max_history": 0,
            "metadata": [
              {
                "app_version": "1.9.4",
                "chart": "ingress-nginx",
                "name": "ingress-nginx",
                "namespace": "ingress-nginx",
                "revision": 1,
                "values": "{}",
                "version": "4.8.4"
              }
            ],
            "name": "ingress-nginx",
            "namespace": "ingress-nginx",
            "pass_credentials": false,
            "postrender": [],
            "recreate_pods": false,
            "render_subchart_notes": true,
            "replace": false,
            "repository": "https://kubernetes.github.io/ingress-nginx",
            "repository_ca_file": null,
            "repository_cert_file": null,
            "repository_key_file": null,
            "repository_password": null,
            "repository_username": null,
            "reset_values": false,
            "reuse_values": false,
            "set": [],
            "set_list": [],
            "set_sensitive": [],
            "skip_crds": false,
            "status": "deployed",
            "timeout": 300,
            "values": null,
            "verify": false,
            "version": "4.8.4",
            "wait": true,
            "wait_for_jobs": false
          },
          "sensitive_attributes": [],
          "private": "eyJzY2hlbWFfdmVyc2lvbiI6IjEifQ==",
          "dependencies": [
            "data.google_client_config.default",
            "google_compute_network.vpc_network",
            "google_compute_subnetwork.my_subnetwork",
            "google_container_cluster.primary"
          ]
        }
      ]
    },
    {
      "mode": "managed",
      "type": "kubernetes_namespace",
      "name": "argoCD",
      "provider": "provider[\"registry.terraform.io/hashicorp/kubernetes\"]",
      "instances": [
        {
          "schema_version": 0,
          "attributes": {
            "id": "argocd",
            "metadata": [
              {
                "annotations": {},
                "generate_name": "",
                "generation": 0,
                "labels": {},
                "name": "argocd",
                "resource_version": "3594",
                "uid": "2ced6971-f88b-426a-9daa-968ae30b9611"
              }
            ],
            "timeouts": null,
            "wait_for_default_service_account": false
          },
          "sensitive_attributes": [],
          "private": "eyJlMmJmYjczMC1lY2FhLTExZTYtOGY4OC0zNDM2M2JjN2M0YzAiOnsiZGVsZXRlIjozMDAwMDAwMDAwMDB9fQ==",
          "dependencies": [
            "data.google_client_config.default",
            "google_compute_network.vpc_network",
            "google_compute_subnetwork.my_subnetwork",
            "google_container_cluster.primary"
          ]
        }
      ]
    },
    {
      "mode": "managed",
      "type": "kubernetes_namespace",
      "name": "cert_manager",
      "provider": "provider[\"registry.terraform.io/hashicorp/kubernetes\"]",
      "instances": [
        {
          "schema_version": 0,
          "attributes": {
            "id": "cert-manager",
            "metadata": [
              {
                "annotations": {},
                "generate_name": "",
                "generation": 0,
                "labels": {},
                "name": "cert-manager",
                "resource_version": "3593",
                "uid": "699d7c10-a212-48b7-98d0-0f148142459f"
              }
            ],
            "timeouts": null,
            "wait_for_default_service_account": false
          },
          "sensitive_attributes": [],
          "private": "eyJlMmJmYjczMC1lY2FhLTExZTYtOGY4OC0zNDM2M2JjN2M0YzAiOnsiZGVsZXRlIjozMDAwMDAwMDAwMDB9fQ==",
          "dependencies": [
            "data.google_client_config.default",
            "google_compute_network.vpc_network",
            "google_compute_subnetwork.my_subnetwork",
            "google_container_cluster.primary"
          ]
        }
      ]
    },
    {
      "mode": "managed",
      "type": "kubernetes_namespace",
      "name": "ingress_nginx",
      "provider": "provider[\"registry.terraform.io/hashicorp/kubernetes\"]",
      "instances": [
        {
          "schema_version": 0,
          "attributes": {
            "id": "ingress-nginx",
            "metadata": [
              {
                "annotations": {},
                "generate_name": "",
                "generation": 0,
                "labels": {},
                "name": "ingress-nginx",
                "resource_version": "3592",
                "uid": "38c8dfa4-fa68-4648-ba1f-22f604225b80"
              }
            ],
            "timeouts": null,
            "wait_for_default_service_account": false
          },
          "sensitive_attributes": [],
          "private": "eyJlMmJmYjczMC1lY2FhLTExZTYtOGY4OC0zNDM2M2JjN2M0YzAiOnsiZGVsZXRlIjozMDAwMDAwMDAwMDB9fQ==",
          "dependencies": [
            "data.google_client_config.default",
            "google_compute_network.vpc_network",
            "google_compute_subnetwork.my_subnetwork",
            "google_container_cluster.primary"
          ]
        }
      ]
    }
  ],
  "check_results": null
}
